// !$*UTF8*$!
{
	archiveVersion = 1;
	classes = {
	};
	objectVersion = 51;
	objects = {

/* Begin PBXBuildFile section */
		BA2ED52AC2EB801CD16E35F0 /* Pods_RijksMuseum.framework in Frameworks */ = {isa = PBXBuildFile; fileRef = AEA7F37353D3610BA15084EB /* Pods_RijksMuseum.framework */; };
		E986C88606A387413717416F /* Pods_RijksMuseumTests.framework in Frameworks */ = {isa = PBXBuildFile; fileRef = 2D714C19F7DC8C88685EF1CA /* Pods_RijksMuseumTests.framework */; };
		FAFA0F5F259DC3D20087C943 /* AppDelegate.swift in Sources */ = {isa = PBXBuildFile; fileRef = FAFA0F5E259DC3D20087C943 /* AppDelegate.swift */; };
		FAFA0F68259DC3D50087C943 /* Assets.xcassets in Resources */ = {isa = PBXBuildFile; fileRef = FAFA0F67259DC3D50087C943 /* Assets.xcassets */; };
		FAFA0F6B259DC3D50087C943 /* LaunchScreen.storyboard in Resources */ = {isa = PBXBuildFile; fileRef = FAFA0F69259DC3D50087C943 /* LaunchScreen.storyboard */; };
		FAFA0F81259DC3D60087C943 /* RijksMuseumUITests.swift in Sources */ = {isa = PBXBuildFile; fileRef = FAFA0F80259DC3D60087C943 /* RijksMuseumUITests.swift */; };
		FAFA0FC2259DE9BB0087C943 /* ArtObject.swift in Sources */ = {isa = PBXBuildFile; fileRef = FAFA0FC1259DE9BB0087C943 /* ArtObject.swift */; };
		FAFA0FC7259DE9C80087C943 /* ArtObjectDetails.swift in Sources */ = {isa = PBXBuildFile; fileRef = FAFA0FC6259DE9C80087C943 /* ArtObjectDetails.swift */; };
		FAFA0FCC259DE9D80087C943 /* ArtObjectJSON.swift in Sources */ = {isa = PBXBuildFile; fileRef = FAFA0FCB259DE9D80087C943 /* ArtObjectJSON.swift */; };
		FAFA0FD9259DEA210087C943 /* Session.swift in Sources */ = {isa = PBXBuildFile; fileRef = FAFA0FD8259DEA210087C943 /* Session.swift */; };
		FAFA0FEF259DFDD60087C943 /* Constants.swift in Sources */ = {isa = PBXBuildFile; fileRef = FAFA0FEE259DFDD60087C943 /* Constants.swift */; };
		FAFA0FF5259DFF070087C943 /* SessionError.swift in Sources */ = {isa = PBXBuildFile; fileRef = FAFA0FF4259DFF070087C943 /* SessionError.swift */; };
		FAFA0FFA259DFF7D0087C943 /* SessionErrorTests.swift in Sources */ = {isa = PBXBuildFile; fileRef = FAFA0FF9259DFF7D0087C943 /* SessionErrorTests.swift */; };
		FAFA1006259E06BD0087C943 /* ArtObjectJSONTests.swift in Sources */ = {isa = PBXBuildFile; fileRef = FAFA1005259E06BD0087C943 /* ArtObjectJSONTests.swift */; };
		FAFA1011259FA7A00087C943 /* API.swift in Sources */ = {isa = PBXBuildFile; fileRef = FAFA1010259FA7A00087C943 /* API.swift */; };
		FAFA1019259FA8A50087C943 /* ArtObjectsAPI.swift in Sources */ = {isa = PBXBuildFile; fileRef = FAFA1018259FA8A50087C943 /* ArtObjectsAPI.swift */; };
		FAFA1020259FB18F0087C943 /* ArtObjectsService.swift in Sources */ = {isa = PBXBuildFile; fileRef = FAFA101F259FB18F0087C943 /* ArtObjectsService.swift */; };
		FAFA1028259FBDBD0087C943 /* APITests.swift in Sources */ = {isa = PBXBuildFile; fileRef = FAFA1027259FBDBD0087C943 /* APITests.swift */; };
		FAFA1030259FC47C0087C943 /* SessionTests.swift in Sources */ = {isa = PBXBuildFile; fileRef = FAFA102F259FC47C0087C943 /* SessionTests.swift */; };
		FAFA1036259FC4A00087C943 /* MockSession.swift in Sources */ = {isa = PBXBuildFile; fileRef = FAFA1035259FC4A00087C943 /* MockSession.swift */; };
		FAFA103B259FCB600087C943 /* MockAPI.swift in Sources */ = {isa = PBXBuildFile; fileRef = FAFA103A259FCB600087C943 /* MockAPI.swift */; };
		FAFA1040259FD1030087C943 /* ArtObjectsNetwork.swift in Sources */ = {isa = PBXBuildFile; fileRef = FAFA103F259FD1030087C943 /* ArtObjectsNetwork.swift */; };
		FAFA1045259FD10B0087C943 /* ArtObjectsDatabase.swift in Sources */ = {isa = PBXBuildFile; fileRef = FAFA1044259FD10B0087C943 /* ArtObjectsDatabase.swift */; };
		FAFA104B259FD2990087C943 /* ArtObjectsSearchResponse.swift in Sources */ = {isa = PBXBuildFile; fileRef = FAFA104A259FD2990087C943 /* ArtObjectsSearchResponse.swift */; };
		FAFA1053259FD7AE0087C943 /* ArtObjectsNetworkTests.swift in Sources */ = {isa = PBXBuildFile; fileRef = FAFA1052259FD7AE0087C943 /* ArtObjectsNetworkTests.swift */; };
		FAFA1059259FDA3D0087C943 /* empty_art_objects.json in Resources */ = {isa = PBXBuildFile; fileRef = FAFA1058259FDA3D0087C943 /* empty_art_objects.json */; };
		FAFA105E259FDDFE0087C943 /* single_art_object.json in Resources */ = {isa = PBXBuildFile; fileRef = FAFA105D259FDDFE0087C943 /* single_art_object.json */; };
		FAFA1066259FDF5B0087C943 /* ArtObjectsServiceTests.swift in Sources */ = {isa = PBXBuildFile; fileRef = FAFA1065259FDF5B0087C943 /* ArtObjectsServiceTests.swift */; };
		FAFA1070259FE10B0087C943 /* HomeContract.swift in Sources */ = {isa = PBXBuildFile; fileRef = FAFA106F259FE10B0087C943 /* HomeContract.swift */; };
		FAFA1075259FE1140087C943 /* HomePresenter.swift in Sources */ = {isa = PBXBuildFile; fileRef = FAFA1074259FE1140087C943 /* HomePresenter.swift */; };
		FAFA107A259FE11D0087C943 /* HomeViewController.swift in Sources */ = {isa = PBXBuildFile; fileRef = FAFA1079259FE11D0087C943 /* HomeViewController.swift */; };
		FAFA107F259FE1460087C943 /* HomeBuilder.swift in Sources */ = {isa = PBXBuildFile; fileRef = FAFA107E259FE1460087C943 /* HomeBuilder.swift */; };
		FAFA1084259FE19B0087C943 /* AppAssembly.swift in Sources */ = {isa = PBXBuildFile; fileRef = FAFA1083259FE19B0087C943 /* AppAssembly.swift */; };
		FAFA1089259FE34E0087C943 /* AppCoordinator.swift in Sources */ = {isa = PBXBuildFile; fileRef = FAFA1088259FE34E0087C943 /* AppCoordinator.swift */; };
		FAFA108F259FE77F0087C943 /* View.swift in Sources */ = {isa = PBXBuildFile; fileRef = FAFA108E259FE77F0087C943 /* View.swift */; };
		FAFA109425A07CED0087C943 /* MessagePresenting.swift in Sources */ = {isa = PBXBuildFile; fileRef = FAFA109325A07CED0087C943 /* MessagePresenting.swift */; };
		FAFA109B25A07E230087C943 /* ArtObjectCell.swift in Sources */ = {isa = PBXBuildFile; fileRef = FAFA109925A07E230087C943 /* ArtObjectCell.swift */; };
		FAFA109C25A07E230087C943 /* ArtObjectCell.xib in Resources */ = {isa = PBXBuildFile; fileRef = FAFA109A25A07E230087C943 /* ArtObjectCell.xib */; };
		FAFA10A425A082D40087C943 /* HomeViewController.xib in Resources */ = {isa = PBXBuildFile; fileRef = FAFA10A325A082D40087C943 /* HomeViewController.xib */; };
		FAFA10A925A084EE0087C943 /* Presenter.swift in Sources */ = {isa = PBXBuildFile; fileRef = FAFA10A825A084EE0087C943 /* Presenter.swift */; };
		FAFA10AF25A09B0F0087C943 /* DetailsContract.swift in Sources */ = {isa = PBXBuildFile; fileRef = FAFA10AE25A09B0F0087C943 /* DetailsContract.swift */; };
		FAFA10B425A09B180087C943 /* DetailsPresenter.swift in Sources */ = {isa = PBXBuildFile; fileRef = FAFA10B325A09B180087C943 /* DetailsPresenter.swift */; };
		FAFA10B925A09B250087C943 /* DetailsViewController.swift in Sources */ = {isa = PBXBuildFile; fileRef = FAFA10B825A09B250087C943 /* DetailsViewController.swift */; };
		FAFA10BE25A09B2D0087C943 /* DetailsBuilder.swift in Sources */ = {isa = PBXBuildFile; fileRef = FAFA10BD25A09B2D0087C943 /* DetailsBuilder.swift */; };
		FAFA10C325A09F5C0087C943 /* ArtObjectDetailsJSON.swift in Sources */ = {isa = PBXBuildFile; fileRef = FAFA10C225A09F5C0087C943 /* ArtObjectDetailsJSON.swift */; };
		FAFA10C825A0A81C0087C943 /* ArtObjectId.swift in Sources */ = {isa = PBXBuildFile; fileRef = FAFA10C725A0A81C0087C943 /* ArtObjectId.swift */; };
		FAFA10D025A0BF0C0087C943 /* ArtObjectDetailsResponse.swift in Sources */ = {isa = PBXBuildFile; fileRef = FAFA10CF25A0BF0C0087C943 /* ArtObjectDetailsResponse.swift */; };
		FAFA10D825A0C0A40087C943 /* details_night_watch.json in Resources */ = {isa = PBXBuildFile; fileRef = FAFA10D725A0C0A40087C943 /* details_night_watch.json */; };
		FAFA10DD25A0CFC80087C943 /* DetailsViewController.xib in Resources */ = {isa = PBXBuildFile; fileRef = FAFA10DC25A0CFC80087C943 /* DetailsViewController.xib */; };
		FAFA10E225A0DC7A0087C943 /* TitleSettable.swift in Sources */ = {isa = PBXBuildFile; fileRef = FAFA10E125A0DC7A0087C943 /* TitleSettable.swift */; };
		FAFA10E725A0E12A0087C943 /* ArtObjectNumber.swift in Sources */ = {isa = PBXBuildFile; fileRef = FAFA10E625A0E12A0087C943 /* ArtObjectNumber.swift */; };
		FAFA10EC25A104EA0087C943 /* Database.swift in Sources */ = {isa = PBXBuildFile; fileRef = FAFA10EB25A104EA0087C943 /* Database.swift */; };
		FAFA10FA25A109570087C943 /* ArtObjectRecord.swift in Sources */ = {isa = PBXBuildFile; fileRef = FAFA10F925A109570087C943 /* ArtObjectRecord.swift */; };
		FAFA110225A110940087C943 /* ArtObjectRecordTests.swift in Sources */ = {isa = PBXBuildFile; fileRef = FAFA110125A110940087C943 /* ArtObjectRecordTests.swift */; };
		FAFA110725A117A50087C943 /* ArtObjectsDatabaseTests.swift in Sources */ = {isa = PBXBuildFile; fileRef = FAFA110625A117A50087C943 /* ArtObjectsDatabaseTests.swift */; };
/* End PBXBuildFile section */

/* Begin PBXContainerItemProxy section */
		FAFA0F72259DC3D60087C943 /* PBXContainerItemProxy */ = {
			isa = PBXContainerItemProxy;
			containerPortal = FAFA0F53259DC3D20087C943 /* Project object */;
			proxyType = 1;
			remoteGlobalIDString = FAFA0F5A259DC3D20087C943;
			remoteInfo = RijksMuseum;
		};
		FAFA0F7D259DC3D60087C943 /* PBXContainerItemProxy */ = {
			isa = PBXContainerItemProxy;
			containerPortal = FAFA0F53259DC3D20087C943 /* Project object */;
			proxyType = 1;
			remoteGlobalIDString = FAFA0F5A259DC3D20087C943;
			remoteInfo = RijksMuseum;
		};
/* End PBXContainerItemProxy section */

/* Begin PBXFileReference section */
		2D714C19F7DC8C88685EF1CA /* Pods_RijksMuseumTests.framework */ = {isa = PBXFileReference; explicitFileType = wrapper.framework; includeInIndex = 0; path = Pods_RijksMuseumTests.framework; sourceTree = BUILT_PRODUCTS_DIR; };
		3F8F7ACB6F9E24BE058344B2 /* Pods-RijksMuseum.release.xcconfig */ = {isa = PBXFileReference; includeInIndex = 1; lastKnownFileType = text.xcconfig; name = "Pods-RijksMuseum.release.xcconfig"; path = "Target Support Files/Pods-RijksMuseum/Pods-RijksMuseum.release.xcconfig"; sourceTree = "<group>"; };
		749448A915A6B99CD7785B66 /* Pods-RijksMuseum.debug.xcconfig */ = {isa = PBXFileReference; includeInIndex = 1; lastKnownFileType = text.xcconfig; name = "Pods-RijksMuseum.debug.xcconfig"; path = "Target Support Files/Pods-RijksMuseum/Pods-RijksMuseum.debug.xcconfig"; sourceTree = "<group>"; };
		ABDDFDA6C4F96D8C602679C8 /* Pods-RijksMuseumTests.debug.xcconfig */ = {isa = PBXFileReference; includeInIndex = 1; lastKnownFileType = text.xcconfig; name = "Pods-RijksMuseumTests.debug.xcconfig"; path = "Target Support Files/Pods-RijksMuseumTests/Pods-RijksMuseumTests.debug.xcconfig"; sourceTree = "<group>"; };
		AEA7F37353D3610BA15084EB /* Pods_RijksMuseum.framework */ = {isa = PBXFileReference; explicitFileType = wrapper.framework; includeInIndex = 0; path = Pods_RijksMuseum.framework; sourceTree = BUILT_PRODUCTS_DIR; };
		E635BD8DAFF0C45585AFC48C /* Pods-RijksMuseumTests.release.xcconfig */ = {isa = PBXFileReference; includeInIndex = 1; lastKnownFileType = text.xcconfig; name = "Pods-RijksMuseumTests.release.xcconfig"; path = "Target Support Files/Pods-RijksMuseumTests/Pods-RijksMuseumTests.release.xcconfig"; sourceTree = "<group>"; };
		FAFA0F5B259DC3D20087C943 /* RijksMuseum.app */ = {isa = PBXFileReference; explicitFileType = wrapper.application; includeInIndex = 0; path = RijksMuseum.app; sourceTree = BUILT_PRODUCTS_DIR; };
		FAFA0F5E259DC3D20087C943 /* AppDelegate.swift */ = {isa = PBXFileReference; lastKnownFileType = sourcecode.swift; path = AppDelegate.swift; sourceTree = "<group>"; };
		FAFA0F67259DC3D50087C943 /* Assets.xcassets */ = {isa = PBXFileReference; lastKnownFileType = folder.assetcatalog; path = Assets.xcassets; sourceTree = "<group>"; };
		FAFA0F6A259DC3D50087C943 /* Base */ = {isa = PBXFileReference; lastKnownFileType = file.storyboard; name = Base; path = Base.lproj/LaunchScreen.storyboard; sourceTree = "<group>"; };
		FAFA0F6C259DC3D50087C943 /* Info.plist */ = {isa = PBXFileReference; lastKnownFileType = text.plist.xml; path = Info.plist; sourceTree = "<group>"; };
		FAFA0F71259DC3D60087C943 /* RijksMuseumTests.xctest */ = {isa = PBXFileReference; explicitFileType = wrapper.cfbundle; includeInIndex = 0; path = RijksMuseumTests.xctest; sourceTree = BUILT_PRODUCTS_DIR; };
		FAFA0F77259DC3D60087C943 /* Info.plist */ = {isa = PBXFileReference; lastKnownFileType = text.plist.xml; path = Info.plist; sourceTree = "<group>"; };
		FAFA0F7C259DC3D60087C943 /* RijksMuseumUITests.xctest */ = {isa = PBXFileReference; explicitFileType = wrapper.cfbundle; includeInIndex = 0; path = RijksMuseumUITests.xctest; sourceTree = BUILT_PRODUCTS_DIR; };
		FAFA0F80259DC3D60087C943 /* RijksMuseumUITests.swift */ = {isa = PBXFileReference; lastKnownFileType = sourcecode.swift; path = RijksMuseumUITests.swift; sourceTree = "<group>"; };
		FAFA0F82259DC3D60087C943 /* Info.plist */ = {isa = PBXFileReference; lastKnownFileType = text.plist.xml; path = Info.plist; sourceTree = "<group>"; };
		FAFA0FC1259DE9BB0087C943 /* ArtObject.swift */ = {isa = PBXFileReference; lastKnownFileType = sourcecode.swift; path = ArtObject.swift; sourceTree = "<group>"; };
		FAFA0FC6259DE9C80087C943 /* ArtObjectDetails.swift */ = {isa = PBXFileReference; lastKnownFileType = sourcecode.swift; path = ArtObjectDetails.swift; sourceTree = "<group>"; };
		FAFA0FCB259DE9D80087C943 /* ArtObjectJSON.swift */ = {isa = PBXFileReference; lastKnownFileType = sourcecode.swift; path = ArtObjectJSON.swift; sourceTree = "<group>"; };
		FAFA0FD8259DEA210087C943 /* Session.swift */ = {isa = PBXFileReference; lastKnownFileType = sourcecode.swift; path = Session.swift; sourceTree = "<group>"; };
		FAFA0FEE259DFDD60087C943 /* Constants.swift */ = {isa = PBXFileReference; lastKnownFileType = sourcecode.swift; path = Constants.swift; sourceTree = "<group>"; };
		FAFA0FF4259DFF070087C943 /* SessionError.swift */ = {isa = PBXFileReference; lastKnownFileType = sourcecode.swift; path = SessionError.swift; sourceTree = "<group>"; };
		FAFA0FF9259DFF7D0087C943 /* SessionErrorTests.swift */ = {isa = PBXFileReference; lastKnownFileType = sourcecode.swift; path = SessionErrorTests.swift; sourceTree = "<group>"; };
		FAFA1005259E06BD0087C943 /* ArtObjectJSONTests.swift */ = {isa = PBXFileReference; lastKnownFileType = sourcecode.swift; path = ArtObjectJSONTests.swift; sourceTree = "<group>"; };
		FAFA1010259FA7A00087C943 /* API.swift */ = {isa = PBXFileReference; fileEncoding = 4; lastKnownFileType = sourcecode.swift; path = API.swift; sourceTree = "<group>"; };
		FAFA1018259FA8A50087C943 /* ArtObjectsAPI.swift */ = {isa = PBXFileReference; lastKnownFileType = sourcecode.swift; path = ArtObjectsAPI.swift; sourceTree = "<group>"; };
		FAFA101F259FB18F0087C943 /* ArtObjectsService.swift */ = {isa = PBXFileReference; lastKnownFileType = sourcecode.swift; path = ArtObjectsService.swift; sourceTree = "<group>"; };
		FAFA1027259FBDBD0087C943 /* APITests.swift */ = {isa = PBXFileReference; lastKnownFileType = sourcecode.swift; path = APITests.swift; sourceTree = "<group>"; };
		FAFA102F259FC47C0087C943 /* SessionTests.swift */ = {isa = PBXFileReference; lastKnownFileType = sourcecode.swift; path = SessionTests.swift; sourceTree = "<group>"; };
		FAFA1035259FC4A00087C943 /* MockSession.swift */ = {isa = PBXFileReference; lastKnownFileType = sourcecode.swift; path = MockSession.swift; sourceTree = "<group>"; };
		FAFA103A259FCB600087C943 /* MockAPI.swift */ = {isa = PBXFileReference; lastKnownFileType = sourcecode.swift; path = MockAPI.swift; sourceTree = "<group>"; };
		FAFA103F259FD1030087C943 /* ArtObjectsNetwork.swift */ = {isa = PBXFileReference; lastKnownFileType = sourcecode.swift; path = ArtObjectsNetwork.swift; sourceTree = "<group>"; };
		FAFA1044259FD10B0087C943 /* ArtObjectsDatabase.swift */ = {isa = PBXFileReference; lastKnownFileType = sourcecode.swift; path = ArtObjectsDatabase.swift; sourceTree = "<group>"; };
		FAFA104A259FD2990087C943 /* ArtObjectsSearchResponse.swift */ = {isa = PBXFileReference; lastKnownFileType = sourcecode.swift; path = ArtObjectsSearchResponse.swift; sourceTree = "<group>"; };
		FAFA1052259FD7AE0087C943 /* ArtObjectsNetworkTests.swift */ = {isa = PBXFileReference; lastKnownFileType = sourcecode.swift; path = ArtObjectsNetworkTests.swift; sourceTree = "<group>"; };
		FAFA1058259FDA3D0087C943 /* empty_art_objects.json */ = {isa = PBXFileReference; lastKnownFileType = text.json; path = empty_art_objects.json; sourceTree = "<group>"; };
		FAFA105D259FDDFE0087C943 /* single_art_object.json */ = {isa = PBXFileReference; lastKnownFileType = text.json; path = single_art_object.json; sourceTree = "<group>"; };
		FAFA1065259FDF5B0087C943 /* ArtObjectsServiceTests.swift */ = {isa = PBXFileReference; lastKnownFileType = sourcecode.swift; path = ArtObjectsServiceTests.swift; sourceTree = "<group>"; };
		FAFA106F259FE10B0087C943 /* HomeContract.swift */ = {isa = PBXFileReference; lastKnownFileType = sourcecode.swift; path = HomeContract.swift; sourceTree = "<group>"; };
		FAFA1074259FE1140087C943 /* HomePresenter.swift */ = {isa = PBXFileReference; lastKnownFileType = sourcecode.swift; path = HomePresenter.swift; sourceTree = "<group>"; };
		FAFA1079259FE11D0087C943 /* HomeViewController.swift */ = {isa = PBXFileReference; lastKnownFileType = sourcecode.swift; path = HomeViewController.swift; sourceTree = "<group>"; };
		FAFA107E259FE1460087C943 /* HomeBuilder.swift */ = {isa = PBXFileReference; lastKnownFileType = sourcecode.swift; path = HomeBuilder.swift; sourceTree = "<group>"; };
		FAFA1083259FE19B0087C943 /* AppAssembly.swift */ = {isa = PBXFileReference; lastKnownFileType = sourcecode.swift; path = AppAssembly.swift; sourceTree = "<group>"; };
		FAFA1088259FE34E0087C943 /* AppCoordinator.swift */ = {isa = PBXFileReference; lastKnownFileType = sourcecode.swift; path = AppCoordinator.swift; sourceTree = "<group>"; };
		FAFA108E259FE77F0087C943 /* View.swift */ = {isa = PBXFileReference; lastKnownFileType = sourcecode.swift; path = View.swift; sourceTree = "<group>"; };
		FAFA109325A07CED0087C943 /* MessagePresenting.swift */ = {isa = PBXFileReference; lastKnownFileType = sourcecode.swift; path = MessagePresenting.swift; sourceTree = "<group>"; };
		FAFA109925A07E230087C943 /* ArtObjectCell.swift */ = {isa = PBXFileReference; lastKnownFileType = sourcecode.swift; path = ArtObjectCell.swift; sourceTree = "<group>"; };
		FAFA109A25A07E230087C943 /* ArtObjectCell.xib */ = {isa = PBXFileReference; lastKnownFileType = file.xib; path = ArtObjectCell.xib; sourceTree = "<group>"; };
		FAFA10A325A082D40087C943 /* HomeViewController.xib */ = {isa = PBXFileReference; lastKnownFileType = file.xib; path = HomeViewController.xib; sourceTree = "<group>"; };
		FAFA10A825A084EE0087C943 /* Presenter.swift */ = {isa = PBXFileReference; lastKnownFileType = sourcecode.swift; path = Presenter.swift; sourceTree = "<group>"; };
		FAFA10AE25A09B0F0087C943 /* DetailsContract.swift */ = {isa = PBXFileReference; lastKnownFileType = sourcecode.swift; path = DetailsContract.swift; sourceTree = "<group>"; };
		FAFA10B325A09B180087C943 /* DetailsPresenter.swift */ = {isa = PBXFileReference; lastKnownFileType = sourcecode.swift; path = DetailsPresenter.swift; sourceTree = "<group>"; };
		FAFA10B825A09B250087C943 /* DetailsViewController.swift */ = {isa = PBXFileReference; lastKnownFileType = sourcecode.swift; path = DetailsViewController.swift; sourceTree = "<group>"; };
		FAFA10BD25A09B2D0087C943 /* DetailsBuilder.swift */ = {isa = PBXFileReference; lastKnownFileType = sourcecode.swift; path = DetailsBuilder.swift; sourceTree = "<group>"; };
		FAFA10C225A09F5C0087C943 /* ArtObjectDetailsJSON.swift */ = {isa = PBXFileReference; lastKnownFileType = sourcecode.swift; path = ArtObjectDetailsJSON.swift; sourceTree = "<group>"; };
		FAFA10C725A0A81C0087C943 /* ArtObjectId.swift */ = {isa = PBXFileReference; lastKnownFileType = sourcecode.swift; path = ArtObjectId.swift; sourceTree = "<group>"; };
		FAFA10CF25A0BF0C0087C943 /* ArtObjectDetailsResponse.swift */ = {isa = PBXFileReference; lastKnownFileType = sourcecode.swift; path = ArtObjectDetailsResponse.swift; sourceTree = "<group>"; };
		FAFA10D725A0C0A40087C943 /* details_night_watch.json */ = {isa = PBXFileReference; lastKnownFileType = text.json; path = details_night_watch.json; sourceTree = "<group>"; };
		FAFA10DC25A0CFC80087C943 /* DetailsViewController.xib */ = {isa = PBXFileReference; lastKnownFileType = file.xib; path = DetailsViewController.xib; sourceTree = "<group>"; };
		FAFA10E125A0DC7A0087C943 /* TitleSettable.swift */ = {isa = PBXFileReference; lastKnownFileType = sourcecode.swift; path = TitleSettable.swift; sourceTree = "<group>"; };
		FAFA10E625A0E12A0087C943 /* ArtObjectNumber.swift */ = {isa = PBXFileReference; lastKnownFileType = sourcecode.swift; path = ArtObjectNumber.swift; sourceTree = "<group>"; };
		FAFA10EB25A104EA0087C943 /* Database.swift */ = {isa = PBXFileReference; lastKnownFileType = sourcecode.swift; path = Database.swift; sourceTree = "<group>"; };
		FAFA10F925A109570087C943 /* ArtObjectRecord.swift */ = {isa = PBXFileReference; lastKnownFileType = sourcecode.swift; path = ArtObjectRecord.swift; sourceTree = "<group>"; };
		FAFA110125A110940087C943 /* ArtObjectRecordTests.swift */ = {isa = PBXFileReference; lastKnownFileType = sourcecode.swift; path = ArtObjectRecordTests.swift; sourceTree = "<group>"; };
		FAFA110625A117A50087C943 /* ArtObjectsDatabaseTests.swift */ = {isa = PBXFileReference; lastKnownFileType = sourcecode.swift; path = ArtObjectsDatabaseTests.swift; sourceTree = "<group>"; };
/* End PBXFileReference section */

/* Begin PBXFrameworksBuildPhase section */
		FAFA0F58259DC3D20087C943 /* Frameworks */ = {
			isa = PBXFrameworksBuildPhase;
			buildActionMask = 2147483647;
			files = (
				BA2ED52AC2EB801CD16E35F0 /* Pods_RijksMuseum.framework in Frameworks */,
			);
			runOnlyForDeploymentPostprocessing = 0;
		};
		FAFA0F6E259DC3D60087C943 /* Frameworks */ = {
			isa = PBXFrameworksBuildPhase;
			buildActionMask = 2147483647;
			files = (
				E986C88606A387413717416F /* Pods_RijksMuseumTests.framework in Frameworks */,
			);
			runOnlyForDeploymentPostprocessing = 0;
		};
		FAFA0F79259DC3D60087C943 /* Frameworks */ = {
			isa = PBXFrameworksBuildPhase;
			buildActionMask = 2147483647;
			files = (
			);
			runOnlyForDeploymentPostprocessing = 0;
		};
/* End PBXFrameworksBuildPhase section */

/* Begin PBXGroup section */
		7EC458C4FD918DB999D0FAE5 /* Frameworks */ = {
			isa = PBXGroup;
			children = (
				AEA7F37353D3610BA15084EB /* Pods_RijksMuseum.framework */,
				2D714C19F7DC8C88685EF1CA /* Pods_RijksMuseumTests.framework */,
			);
			name = Frameworks;
			sourceTree = "<group>";
		};
		AC45B04315C33F2D978A739E /* Pods */ = {
			isa = PBXGroup;
			children = (
				749448A915A6B99CD7785B66 /* Pods-RijksMuseum.debug.xcconfig */,
				3F8F7ACB6F9E24BE058344B2 /* Pods-RijksMuseum.release.xcconfig */,
				ABDDFDA6C4F96D8C602679C8 /* Pods-RijksMuseumTests.debug.xcconfig */,
				E635BD8DAFF0C45585AFC48C /* Pods-RijksMuseumTests.release.xcconfig */,
			);
			path = Pods;
			sourceTree = "<group>";
		};
		FAFA0F52259DC3D20087C943 = {
			isa = PBXGroup;
			children = (
				FAFA0F5D259DC3D20087C943 /* RijksMuseum */,
				FAFA0F74259DC3D60087C943 /* RijksMuseumTests */,
				FAFA0F7F259DC3D60087C943 /* RijksMuseumUITests */,
				FAFA0F5C259DC3D20087C943 /* Products */,
				AC45B04315C33F2D978A739E /* Pods */,
				7EC458C4FD918DB999D0FAE5 /* Frameworks */,
			);
			sourceTree = "<group>";
		};
		FAFA0F5C259DC3D20087C943 /* Products */ = {
			isa = PBXGroup;
			children = (
				FAFA0F5B259DC3D20087C943 /* RijksMuseum.app */,
				FAFA0F71259DC3D60087C943 /* RijksMuseumTests.xctest */,
				FAFA0F7C259DC3D60087C943 /* RijksMuseumUITests.xctest */,
			);
			name = Products;
			sourceTree = "<group>";
		};
		FAFA0F5D259DC3D20087C943 /* RijksMuseum */ = {
			isa = PBXGroup;
			children = (
				FAFA106D259FE0CB0087C943 /* UI */,
				FAFA0FF3259DFEE50087C943 /* Support Files */,
				FAFA101D259FAD690087C943 /* Services */,
				FAFA0FBF259DE9A00087C943 /* Entities */,
				FAFA0FBE259DE9A00087C943 /* Database */,
				FAFA0FC0259DE9A00087C943 /* Network */,
				FAFA0FEE259DFDD60087C943 /* Constants.swift */,
				FAFA1083259FE19B0087C943 /* AppAssembly.swift */,
				FAFA0F67259DC3D50087C943 /* Assets.xcassets */,
			);
			path = RijksMuseum;
			sourceTree = "<group>";
		};
		FAFA0F74259DC3D60087C943 /* RijksMuseumTests */ = {
			isa = PBXGroup;
			children = (
				FAFA110625A117A50087C943 /* ArtObjectsDatabaseTests.swift */,
				FAFA110125A110940087C943 /* ArtObjectRecordTests.swift */,
				FAFA1034259FC4970087C943 /* Mocks */,
				FAFA1057259FDA170087C943 /* Responses */,
				FAFA1065259FDF5B0087C943 /* ArtObjectsServiceTests.swift */,
				FAFA1052259FD7AE0087C943 /* ArtObjectsNetworkTests.swift */,
				FAFA102F259FC47C0087C943 /* SessionTests.swift */,
				FAFA1027259FBDBD0087C943 /* APITests.swift */,
				FAFA1005259E06BD0087C943 /* ArtObjectJSONTests.swift */,
				FAFA0FF9259DFF7D0087C943 /* SessionErrorTests.swift */,
				FAFA0F77259DC3D60087C943 /* Info.plist */,
			);
			path = RijksMuseumTests;
			sourceTree = "<group>";
		};
		FAFA0F7F259DC3D60087C943 /* RijksMuseumUITests */ = {
			isa = PBXGroup;
			children = (
				FAFA0F80259DC3D60087C943 /* RijksMuseumUITests.swift */,
				FAFA0F82259DC3D60087C943 /* Info.plist */,
			);
			path = RijksMuseumUITests;
			sourceTree = "<group>";
		};
		FAFA0FBE259DE9A00087C943 /* Database */ = {
			isa = PBXGroup;
			children = (
				FAFA10F825A1094B0087C943 /* Records */,
				FAFA10EB25A104EA0087C943 /* Database.swift */,
			);
			path = Database;
			sourceTree = "<group>";
		};
		FAFA0FBF259DE9A00087C943 /* Entities */ = {
			isa = PBXGroup;
			children = (
				FAFA0FC1259DE9BB0087C943 /* ArtObject.swift */,
				FAFA0FC6259DE9C80087C943 /* ArtObjectDetails.swift */,
				FAFA10C725A0A81C0087C943 /* ArtObjectId.swift */,
				FAFA10E625A0E12A0087C943 /* ArtObjectNumber.swift */,
			);
			path = Entities;
			sourceTree = "<group>";
		};
		FAFA0FC0259DE9A00087C943 /* Network */ = {
			isa = PBXGroup;
			children = (
				FAFA1049259FD2800087C943 /* Responses */,
				FAFA100F259FA7A00087C943 /* API */,
				FAFA0FCB259DE9D80087C943 /* ArtObjectJSON.swift */,
				FAFA10C225A09F5C0087C943 /* ArtObjectDetailsJSON.swift */,
				FAFA0FD8259DEA210087C943 /* Session.swift */,
				FAFA0FF4259DFF070087C943 /* SessionError.swift */,
			);
			path = Network;
			sourceTree = "<group>";
		};
		FAFA0FF3259DFEE50087C943 /* Support Files */ = {
			isa = PBXGroup;
			children = (
				FAFA0F5E259DC3D20087C943 /* AppDelegate.swift */,
				FAFA0F69259DC3D50087C943 /* LaunchScreen.storyboard */,
				FAFA0F6C259DC3D50087C943 /* Info.plist */,
			);
			name = "Support Files";
			sourceTree = "<group>";
		};
		FAFA100F259FA7A00087C943 /* API */ = {
			isa = PBXGroup;
			children = (
				FAFA1010259FA7A00087C943 /* API.swift */,
				FAFA1018259FA8A50087C943 /* ArtObjectsAPI.swift */,
			);
			path = API;
			sourceTree = "<group>";
		};
		FAFA101D259FAD690087C943 /* Services */ = {
			isa = PBXGroup;
			children = (
				FAFA101E259FAD800087C943 /* ArtObjects */,
			);
			path = Services;
			sourceTree = "<group>";
		};
		FAFA101E259FAD800087C943 /* ArtObjects */ = {
			isa = PBXGroup;
			children = (
				FAFA101F259FB18F0087C943 /* ArtObjectsService.swift */,
				FAFA1044259FD10B0087C943 /* ArtObjectsDatabase.swift */,
				FAFA103F259FD1030087C943 /* ArtObjectsNetwork.swift */,
			);
			path = ArtObjects;
			sourceTree = "<group>";
		};
		FAFA1034259FC4970087C943 /* Mocks */ = {
			isa = PBXGroup;
			children = (
				FAFA1035259FC4A00087C943 /* MockSession.swift */,
				FAFA103A259FCB600087C943 /* MockAPI.swift */,
			);
			path = Mocks;
			sourceTree = "<group>";
		};
		FAFA1049259FD2800087C943 /* Responses */ = {
			isa = PBXGroup;
			children = (
				FAFA104A259FD2990087C943 /* ArtObjectsSearchResponse.swift */,
				FAFA10CF25A0BF0C0087C943 /* ArtObjectDetailsResponse.swift */,
			);
			path = Responses;
			sourceTree = "<group>";
		};
		FAFA1057259FDA170087C943 /* Responses */ = {
			isa = PBXGroup;
			children = (
				FAFA1058259FDA3D0087C943 /* empty_art_objects.json */,
				FAFA105D259FDDFE0087C943 /* single_art_object.json */,
				FAFA10D725A0C0A40087C943 /* details_night_watch.json */,
			);
			path = Responses;
			sourceTree = "<group>";
		};
		FAFA106D259FE0CB0087C943 /* UI */ = {
			isa = PBXGroup;
			children = (
				FAFA108D259FE74F0087C943 /* Protocols */,
				FAFA106E259FE0E30087C943 /* Home */,
				FAFA10AD25A09B010087C943 /* Details */,
				FAFA1088259FE34E0087C943 /* AppCoordinator.swift */,
			);
			path = UI;
			sourceTree = "<group>";
		};
		FAFA106E259FE0E30087C943 /* Home */ = {
			isa = PBXGroup;
			children = (
				FAFA109825A07DF40087C943 /* Views */,
				FAFA106F259FE10B0087C943 /* HomeContract.swift */,
				FAFA1074259FE1140087C943 /* HomePresenter.swift */,
				FAFA1079259FE11D0087C943 /* HomeViewController.swift */,
				FAFA10A325A082D40087C943 /* HomeViewController.xib */,
				FAFA107E259FE1460087C943 /* HomeBuilder.swift */,
			);
			path = Home;
			sourceTree = "<group>";
		};
		FAFA108D259FE74F0087C943 /* Protocols */ = {
			isa = PBXGroup;
			children = (
				FAFA108E259FE77F0087C943 /* View.swift */,
				FAFA10A825A084EE0087C943 /* Presenter.swift */,
				FAFA109325A07CED0087C943 /* MessagePresenting.swift */,
				FAFA10E125A0DC7A0087C943 /* TitleSettable.swift */,
			);
			path = Protocols;
			sourceTree = "<group>";
		};
		FAFA109825A07DF40087C943 /* Views */ = {
			isa = PBXGroup;
			children = (
				FAFA109925A07E230087C943 /* ArtObjectCell.swift */,
				FAFA109A25A07E230087C943 /* ArtObjectCell.xib */,
			);
			path = Views;
			sourceTree = "<group>";
		};
		FAFA10AD25A09B010087C943 /* Details */ = {
			isa = PBXGroup;
			children = (
				FAFA10AE25A09B0F0087C943 /* DetailsContract.swift */,
				FAFA10B325A09B180087C943 /* DetailsPresenter.swift */,
				FAFA10B825A09B250087C943 /* DetailsViewController.swift */,
				FAFA10DC25A0CFC80087C943 /* DetailsViewController.xib */,
				FAFA10BD25A09B2D0087C943 /* DetailsBuilder.swift */,
			);
			path = Details;
			sourceTree = "<group>";
		};
		FAFA10F825A1094B0087C943 /* Records */ = {
			isa = PBXGroup;
			children = (
				FAFA10F925A109570087C943 /* ArtObjectRecord.swift */,
			);
			path = Records;
			sourceTree = "<group>";
		};
/* End PBXGroup section */

/* Begin PBXNativeTarget section */
		FAFA0F5A259DC3D20087C943 /* RijksMuseum */ = {
			isa = PBXNativeTarget;
			buildConfigurationList = FAFA0F85259DC3D60087C943 /* Build configuration list for PBXNativeTarget "RijksMuseum" */;
			buildPhases = (
				83DAC93A1493E69A0E1549D4 /* [CP] Check Pods Manifest.lock */,
				FAFA0F57259DC3D20087C943 /* Sources */,
				FAFA0F58259DC3D20087C943 /* Frameworks */,
				FAFA0F59259DC3D20087C943 /* Resources */,
				FAFA0FBA259DC7360087C943 /* Run swiftlint */,
				AB409C704CF5F7EB3248FAD3 /* [CP] Embed Pods Frameworks */,
			);
			buildRules = (
			);
			dependencies = (
			);
			name = RijksMuseum;
			productName = RijksMuseum;
			productReference = FAFA0F5B259DC3D20087C943 /* RijksMuseum.app */;
			productType = "com.apple.product-type.application";
		};
		FAFA0F70259DC3D60087C943 /* RijksMuseumTests */ = {
			isa = PBXNativeTarget;
			buildConfigurationList = FAFA0F88259DC3D60087C943 /* Build configuration list for PBXNativeTarget "RijksMuseumTests" */;
			buildPhases = (
				533A692A50DF8B3AE3F91D62 /* [CP] Check Pods Manifest.lock */,
				FAFA0F6D259DC3D60087C943 /* Sources */,
				FAFA0F6E259DC3D60087C943 /* Frameworks */,
				FAFA0F6F259DC3D60087C943 /* Resources */,
				8D203915D4D64190F3645D58 /* [CP] Embed Pods Frameworks */,
			);
			buildRules = (
			);
			dependencies = (
				FAFA0F73259DC3D60087C943 /* PBXTargetDependency */,
			);
			name = RijksMuseumTests;
			productName = RijksMuseumTests;
			productReference = FAFA0F71259DC3D60087C943 /* RijksMuseumTests.xctest */;
			productType = "com.apple.product-type.bundle.unit-test";
		};
		FAFA0F7B259DC3D60087C943 /* RijksMuseumUITests */ = {
			isa = PBXNativeTarget;
			buildConfigurationList = FAFA0F8B259DC3D60087C943 /* Build configuration list for PBXNativeTarget "RijksMuseumUITests" */;
			buildPhases = (
				FAFA0F78259DC3D60087C943 /* Sources */,
				FAFA0F79259DC3D60087C943 /* Frameworks */,
				FAFA0F7A259DC3D60087C943 /* Resources */,
			);
			buildRules = (
			);
			dependencies = (
				FAFA0F7E259DC3D60087C943 /* PBXTargetDependency */,
			);
			name = RijksMuseumUITests;
			productName = RijksMuseumUITests;
			productReference = FAFA0F7C259DC3D60087C943 /* RijksMuseumUITests.xctest */;
			productType = "com.apple.product-type.bundle.ui-testing";
		};
/* End PBXNativeTarget section */

/* Begin PBXProject section */
		FAFA0F53259DC3D20087C943 /* Project object */ = {
			isa = PBXProject;
			attributes = {
				LastSwiftUpdateCheck = 1230;
				LastUpgradeCheck = 1230;
				TargetAttributes = {
					FAFA0F5A259DC3D20087C943 = {
						CreatedOnToolsVersion = 12.3;
					};
					FAFA0F70259DC3D60087C943 = {
						CreatedOnToolsVersion = 12.3;
						TestTargetID = FAFA0F5A259DC3D20087C943;
					};
					FAFA0F7B259DC3D60087C943 = {
						CreatedOnToolsVersion = 12.3;
						TestTargetID = FAFA0F5A259DC3D20087C943;
					};
				};
			};
			buildConfigurationList = FAFA0F56259DC3D20087C943 /* Build configuration list for PBXProject "RijksMuseum" */;
			compatibilityVersion = "Xcode 9.3";
			developmentRegion = en;
			hasScannedForEncodings = 0;
			knownRegions = (
				en,
				Base,
			);
			mainGroup = FAFA0F52259DC3D20087C943;
			productRefGroup = FAFA0F5C259DC3D20087C943 /* Products */;
			projectDirPath = "";
			projectRoot = "";
			targets = (
				FAFA0F5A259DC3D20087C943 /* RijksMuseum */,
				FAFA0F70259DC3D60087C943 /* RijksMuseumTests */,
				FAFA0F7B259DC3D60087C943 /* RijksMuseumUITests */,
			);
		};
/* End PBXProject section */

/* Begin PBXResourcesBuildPhase section */
		FAFA0F59259DC3D20087C943 /* Resources */ = {
			isa = PBXResourcesBuildPhase;
			buildActionMask = 2147483647;
			files = (
				FAFA0F6B259DC3D50087C943 /* LaunchScreen.storyboard in Resources */,
				FAFA0F68259DC3D50087C943 /* Assets.xcassets in Resources */,
				FAFA10DD25A0CFC80087C943 /* DetailsViewController.xib in Resources */,
				FAFA109C25A07E230087C943 /* ArtObjectCell.xib in Resources */,
				FAFA10A425A082D40087C943 /* HomeViewController.xib in Resources */,
			);
			runOnlyForDeploymentPostprocessing = 0;
		};
		FAFA0F6F259DC3D60087C943 /* Resources */ = {
			isa = PBXResourcesBuildPhase;
			buildActionMask = 2147483647;
			files = (
				FAFA105E259FDDFE0087C943 /* single_art_object.json in Resources */,
				FAFA1059259FDA3D0087C943 /* empty_art_objects.json in Resources */,
				FAFA10D825A0C0A40087C943 /* details_night_watch.json in Resources */,
			);
			runOnlyForDeploymentPostprocessing = 0;
		};
		FAFA0F7A259DC3D60087C943 /* Resources */ = {
			isa = PBXResourcesBuildPhase;
			buildActionMask = 2147483647;
			files = (
			);
			runOnlyForDeploymentPostprocessing = 0;
		};
/* End PBXResourcesBuildPhase section */

/* Begin PBXShellScriptBuildPhase section */
		533A692A50DF8B3AE3F91D62 /* [CP] Check Pods Manifest.lock */ = {
			isa = PBXShellScriptBuildPhase;
			buildActionMask = 2147483647;
			files = (
			);
			inputFileListPaths = (
			);
			inputPaths = (
				"${PODS_PODFILE_DIR_PATH}/Podfile.lock",
				"${PODS_ROOT}/Manifest.lock",
			);
			name = "[CP] Check Pods Manifest.lock";
			outputFileListPaths = (
			);
			outputPaths = (
				"$(DERIVED_FILE_DIR)/Pods-RijksMuseumTests-checkManifestLockResult.txt",
			);
			runOnlyForDeploymentPostprocessing = 0;
			shellPath = /bin/sh;
			shellScript = "diff \"${PODS_PODFILE_DIR_PATH}/Podfile.lock\" \"${PODS_ROOT}/Manifest.lock\" > /dev/null\nif [ $? != 0 ] ; then\n    # print error to STDERR\n    echo \"error: The sandbox is not in sync with the Podfile.lock. Run 'pod install' or update your CocoaPods installation.\" >&2\n    exit 1\nfi\n# This output is used by Xcode 'outputs' to avoid re-running this script phase.\necho \"SUCCESS\" > \"${SCRIPT_OUTPUT_FILE_0}\"\n";
			showEnvVarsInLog = 0;
		};
		83DAC93A1493E69A0E1549D4 /* [CP] Check Pods Manifest.lock */ = {
			isa = PBXShellScriptBuildPhase;
			buildActionMask = 2147483647;
			files = (
			);
			inputFileListPaths = (
			);
			inputPaths = (
				"${PODS_PODFILE_DIR_PATH}/Podfile.lock",
				"${PODS_ROOT}/Manifest.lock",
			);
			name = "[CP] Check Pods Manifest.lock";
			outputFileListPaths = (
			);
			outputPaths = (
				"$(DERIVED_FILE_DIR)/Pods-RijksMuseum-checkManifestLockResult.txt",
			);
			runOnlyForDeploymentPostprocessing = 0;
			shellPath = /bin/sh;
			shellScript = "diff \"${PODS_PODFILE_DIR_PATH}/Podfile.lock\" \"${PODS_ROOT}/Manifest.lock\" > /dev/null\nif [ $? != 0 ] ; then\n    # print error to STDERR\n    echo \"error: The sandbox is not in sync with the Podfile.lock. Run 'pod install' or update your CocoaPods installation.\" >&2\n    exit 1\nfi\n# This output is used by Xcode 'outputs' to avoid re-running this script phase.\necho \"SUCCESS\" > \"${SCRIPT_OUTPUT_FILE_0}\"\n";
			showEnvVarsInLog = 0;
		};
		8D203915D4D64190F3645D58 /* [CP] Embed Pods Frameworks */ = {
			isa = PBXShellScriptBuildPhase;
			buildActionMask = 2147483647;
			files = (
			);
			inputFileListPaths = (
				"${PODS_ROOT}/Target Support Files/Pods-RijksMuseumTests/Pods-RijksMuseumTests-frameworks-${CONFIGURATION}-input-files.xcfilelist",
			);
			name = "[CP] Embed Pods Frameworks";
			outputFileListPaths = (
				"${PODS_ROOT}/Target Support Files/Pods-RijksMuseumTests/Pods-RijksMuseumTests-frameworks-${CONFIGURATION}-output-files.xcfilelist",
			);
			runOnlyForDeploymentPostprocessing = 0;
			shellPath = /bin/sh;
			shellScript = "\"${PODS_ROOT}/Target Support Files/Pods-RijksMuseumTests/Pods-RijksMuseumTests-frameworks.sh\"\n";
			showEnvVarsInLog = 0;
		};
		AB409C704CF5F7EB3248FAD3 /* [CP] Embed Pods Frameworks */ = {
			isa = PBXShellScriptBuildPhase;
			buildActionMask = 2147483647;
			files = (
			);
			inputFileListPaths = (
				"${PODS_ROOT}/Target Support Files/Pods-RijksMuseum/Pods-RijksMuseum-frameworks-${CONFIGURATION}-input-files.xcfilelist",
			);
			name = "[CP] Embed Pods Frameworks";
			outputFileListPaths = (
				"${PODS_ROOT}/Target Support Files/Pods-RijksMuseum/Pods-RijksMuseum-frameworks-${CONFIGURATION}-output-files.xcfilelist",
			);
			runOnlyForDeploymentPostprocessing = 0;
			shellPath = /bin/sh;
			shellScript = "\"${PODS_ROOT}/Target Support Files/Pods-RijksMuseum/Pods-RijksMuseum-frameworks.sh\"\n";
			showEnvVarsInLog = 0;
		};
		FAFA0FBA259DC7360087C943 /* Run swiftlint */ = {
			isa = PBXShellScriptBuildPhase;
			buildActionMask = 2147483647;
			files = (
			);
			inputFileListPaths = (
			);
			inputPaths = (
			);
			name = "Run swiftlint";
			outputFileListPaths = (
			);
			outputPaths = (
			);
			runOnlyForDeploymentPostprocessing = 0;
			shellPath = /bin/sh;
			shellScript = "if which swiftlint >/dev/null; then\n    swiftlint --lenient\nelse\necho \"warning: SwiftLint not installed, download from https://github.com/realm/SwiftLint\"\nfi\n";
		};
/* End PBXShellScriptBuildPhase section */

/* Begin PBXSourcesBuildPhase section */
		FAFA0F57259DC3D20087C943 /* Sources */ = {
			isa = PBXSourcesBuildPhase;
			buildActionMask = 2147483647;
			files = (
				FAFA0FC7259DE9C80087C943 /* ArtObjectDetails.swift in Sources */,
				FAFA10B925A09B250087C943 /* DetailsViewController.swift in Sources */,
				FAFA0FD9259DEA210087C943 /* Session.swift in Sources */,
				FAFA10BE25A09B2D0087C943 /* DetailsBuilder.swift in Sources */,
				FAFA107A259FE11D0087C943 /* HomeViewController.swift in Sources */,
				FAFA109425A07CED0087C943 /* MessagePresenting.swift in Sources */,
				FAFA10C825A0A81C0087C943 /* ArtObjectId.swift in Sources */,
				FAFA1020259FB18F0087C943 /* ArtObjectsService.swift in Sources */,
				FAFA108F259FE77F0087C943 /* View.swift in Sources */,
				FAFA1011259FA7A00087C943 /* API.swift in Sources */,
				FAFA107F259FE1460087C943 /* HomeBuilder.swift in Sources */,
				FAFA10B425A09B180087C943 /* DetailsPresenter.swift in Sources */,
				FAFA10EC25A104EA0087C943 /* Database.swift in Sources */,
				FAFA1040259FD1030087C943 /* ArtObjectsNetwork.swift in Sources */,
				FAFA1045259FD10B0087C943 /* ArtObjectsDatabase.swift in Sources */,
				FAFA10AF25A09B0F0087C943 /* DetailsContract.swift in Sources */,
				FAFA0FC2259DE9BB0087C943 /* ArtObject.swift in Sources */,
				FAFA1019259FA8A50087C943 /* ArtObjectsAPI.swift in Sources */,
				FAFA1084259FE19B0087C943 /* AppAssembly.swift in Sources */,
				FAFA1089259FE34E0087C943 /* AppCoordinator.swift in Sources */,
				FAFA104B259FD2990087C943 /* ArtObjectsSearchResponse.swift in Sources */,
				FAFA10FA25A109570087C943 /* ArtObjectRecord.swift in Sources */,
				FAFA10E225A0DC7A0087C943 /* TitleSettable.swift in Sources */,
				FAFA109B25A07E230087C943 /* ArtObjectCell.swift in Sources */,
				FAFA0FF5259DFF070087C943 /* SessionError.swift in Sources */,
				FAFA10E725A0E12A0087C943 /* ArtObjectNumber.swift in Sources */,
				FAFA10A925A084EE0087C943 /* Presenter.swift in Sources */,
				FAFA10C325A09F5C0087C943 /* ArtObjectDetailsJSON.swift in Sources */,
				FAFA0F5F259DC3D20087C943 /* AppDelegate.swift in Sources */,
				FAFA1070259FE10B0087C943 /* HomeContract.swift in Sources */,
				FAFA0FCC259DE9D80087C943 /* ArtObjectJSON.swift in Sources */,
				FAFA0FEF259DFDD60087C943 /* Constants.swift in Sources */,
				FAFA10D025A0BF0C0087C943 /* ArtObjectDetailsResponse.swift in Sources */,
				FAFA1075259FE1140087C943 /* HomePresenter.swift in Sources */,
			);
			runOnlyForDeploymentPostprocessing = 0;
		};
		FAFA0F6D259DC3D60087C943 /* Sources */ = {
			isa = PBXSourcesBuildPhase;
			buildActionMask = 2147483647;
			files = (
				FAFA1030259FC47C0087C943 /* SessionTests.swift in Sources */,
				FAFA110225A110940087C943 /* ArtObjectRecordTests.swift in Sources */,
				FAFA1036259FC4A00087C943 /* MockSession.swift in Sources */,
				FAFA1006259E06BD0087C943 /* ArtObjectJSONTests.swift in Sources */,
				FAFA1028259FBDBD0087C943 /* APITests.swift in Sources */,
				FAFA1066259FDF5B0087C943 /* ArtObjectsServiceTests.swift in Sources */,
				FAFA103B259FCB600087C943 /* MockAPI.swift in Sources */,
				FAFA0FFA259DFF7D0087C943 /* SessionErrorTests.swift in Sources */,
				FAFA1053259FD7AE0087C943 /* ArtObjectsNetworkTests.swift in Sources */,
				FAFA110725A117A50087C943 /* ArtObjectsDatabaseTests.swift in Sources */,
			);
			runOnlyForDeploymentPostprocessing = 0;
		};
		FAFA0F78259DC3D60087C943 /* Sources */ = {
			isa = PBXSourcesBuildPhase;
			buildActionMask = 2147483647;
			files = (
				FAFA0F81259DC3D60087C943 /* RijksMuseumUITests.swift in Sources */,
			);
			runOnlyForDeploymentPostprocessing = 0;
		};
/* End PBXSourcesBuildPhase section */

/* Begin PBXTargetDependency section */
		FAFA0F73259DC3D60087C943 /* PBXTargetDependency */ = {
			isa = PBXTargetDependency;
			target = FAFA0F5A259DC3D20087C943 /* RijksMuseum */;
			targetProxy = FAFA0F72259DC3D60087C943 /* PBXContainerItemProxy */;
		};
		FAFA0F7E259DC3D60087C943 /* PBXTargetDependency */ = {
			isa = PBXTargetDependency;
			target = FAFA0F5A259DC3D20087C943 /* RijksMuseum */;
			targetProxy = FAFA0F7D259DC3D60087C943 /* PBXContainerItemProxy */;
		};
/* End PBXTargetDependency section */

/* Begin PBXVariantGroup section */
		FAFA0F69259DC3D50087C943 /* LaunchScreen.storyboard */ = {
			isa = PBXVariantGroup;
			children = (
				FAFA0F6A259DC3D50087C943 /* Base */,
			);
			name = LaunchScreen.storyboard;
			sourceTree = "<group>";
		};
/* End PBXVariantGroup section */

/* Begin XCBuildConfiguration section */
		FAFA0F83259DC3D60087C943 /* Debug */ = {
			isa = XCBuildConfiguration;
			buildSettings = {
				ALWAYS_SEARCH_USER_PATHS = NO;
				CLANG_ANALYZER_NONNULL = YES;
				CLANG_ANALYZER_NUMBER_OBJECT_CONVERSION = YES_AGGRESSIVE;
				CLANG_CXX_LANGUAGE_STANDARD = "gnu++14";
				CLANG_CXX_LIBRARY = "libc++";
				CLANG_ENABLE_MODULES = YES;
				CLANG_ENABLE_OBJC_ARC = YES;
				CLANG_ENABLE_OBJC_WEAK = YES;
				CLANG_WARN_BLOCK_CAPTURE_AUTORELEASING = YES;
				CLANG_WARN_BOOL_CONVERSION = YES;
				CLANG_WARN_COMMA = YES;
				CLANG_WARN_CONSTANT_CONVERSION = YES;
				CLANG_WARN_DEPRECATED_OBJC_IMPLEMENTATIONS = YES;
				CLANG_WARN_DIRECT_OBJC_ISA_USAGE = YES_ERROR;
				CLANG_WARN_DOCUMENTATION_COMMENTS = YES;
				CLANG_WARN_EMPTY_BODY = YES;
				CLANG_WARN_ENUM_CONVERSION = YES;
				CLANG_WARN_INFINITE_RECURSION = YES;
				CLANG_WARN_INT_CONVERSION = YES;
				CLANG_WARN_NON_LITERAL_NULL_CONVERSION = YES;
				CLANG_WARN_OBJC_IMPLICIT_RETAIN_SELF = YES;
				CLANG_WARN_OBJC_LITERAL_CONVERSION = YES;
				CLANG_WARN_OBJC_ROOT_CLASS = YES_ERROR;
				CLANG_WARN_QUOTED_INCLUDE_IN_FRAMEWORK_HEADER = YES;
				CLANG_WARN_RANGE_LOOP_ANALYSIS = YES;
				CLANG_WARN_STRICT_PROTOTYPES = YES;
				CLANG_WARN_SUSPICIOUS_MOVE = YES;
				CLANG_WARN_UNGUARDED_AVAILABILITY = YES_AGGRESSIVE;
				CLANG_WARN_UNREACHABLE_CODE = YES;
				CLANG_WARN__DUPLICATE_METHOD_MATCH = YES;
				COPY_PHASE_STRIP = NO;
				DEBUG_INFORMATION_FORMAT = dwarf;
				ENABLE_STRICT_OBJC_MSGSEND = YES;
				ENABLE_TESTABILITY = YES;
				GCC_C_LANGUAGE_STANDARD = gnu11;
				GCC_DYNAMIC_NO_PIC = NO;
				GCC_NO_COMMON_BLOCKS = YES;
				GCC_OPTIMIZATION_LEVEL = 0;
				GCC_PREPROCESSOR_DEFINITIONS = (
					"DEBUG=1",
					"$(inherited)",
				);
				GCC_WARN_64_TO_32_BIT_CONVERSION = YES;
				GCC_WARN_ABOUT_RETURN_TYPE = YES_ERROR;
				GCC_WARN_UNDECLARED_SELECTOR = YES;
				GCC_WARN_UNINITIALIZED_AUTOS = YES_AGGRESSIVE;
				GCC_WARN_UNUSED_FUNCTION = YES;
				GCC_WARN_UNUSED_VARIABLE = YES;
				IPHONEOS_DEPLOYMENT_TARGET = 13.0;
				MTL_ENABLE_DEBUG_INFO = INCLUDE_SOURCE;
				MTL_FAST_MATH = YES;
				ONLY_ACTIVE_ARCH = YES;
				SDKROOT = iphoneos;
				SWIFT_ACTIVE_COMPILATION_CONDITIONS = DEBUG;
				SWIFT_OPTIMIZATION_LEVEL = "-Onone";
			};
			name = Debug;
		};
		FAFA0F84259DC3D60087C943 /* Release */ = {
			isa = XCBuildConfiguration;
			buildSettings = {
				ALWAYS_SEARCH_USER_PATHS = NO;
				CLANG_ANALYZER_NONNULL = YES;
				CLANG_ANALYZER_NUMBER_OBJECT_CONVERSION = YES_AGGRESSIVE;
				CLANG_CXX_LANGUAGE_STANDARD = "gnu++14";
				CLANG_CXX_LIBRARY = "libc++";
				CLANG_ENABLE_MODULES = YES;
				CLANG_ENABLE_OBJC_ARC = YES;
				CLANG_ENABLE_OBJC_WEAK = YES;
				CLANG_WARN_BLOCK_CAPTURE_AUTORELEASING = YES;
				CLANG_WARN_BOOL_CONVERSION = YES;
				CLANG_WARN_COMMA = YES;
				CLANG_WARN_CONSTANT_CONVERSION = YES;
				CLANG_WARN_DEPRECATED_OBJC_IMPLEMENTATIONS = YES;
				CLANG_WARN_DIRECT_OBJC_ISA_USAGE = YES_ERROR;
				CLANG_WARN_DOCUMENTATION_COMMENTS = YES;
				CLANG_WARN_EMPTY_BODY = YES;
				CLANG_WARN_ENUM_CONVERSION = YES;
				CLANG_WARN_INFINITE_RECURSION = YES;
				CLANG_WARN_INT_CONVERSION = YES;
				CLANG_WARN_NON_LITERAL_NULL_CONVERSION = YES;
				CLANG_WARN_OBJC_IMPLICIT_RETAIN_SELF = YES;
				CLANG_WARN_OBJC_LITERAL_CONVERSION = YES;
				CLANG_WARN_OBJC_ROOT_CLASS = YES_ERROR;
				CLANG_WARN_QUOTED_INCLUDE_IN_FRAMEWORK_HEADER = YES;
				CLANG_WARN_RANGE_LOOP_ANALYSIS = YES;
				CLANG_WARN_STRICT_PROTOTYPES = YES;
				CLANG_WARN_SUSPICIOUS_MOVE = YES;
				CLANG_WARN_UNGUARDED_AVAILABILITY = YES_AGGRESSIVE;
				CLANG_WARN_UNREACHABLE_CODE = YES;
				CLANG_WARN__DUPLICATE_METHOD_MATCH = YES;
				COPY_PHASE_STRIP = NO;
				DEBUG_INFORMATION_FORMAT = "dwarf-with-dsym";
				ENABLE_NS_ASSERTIONS = NO;
				ENABLE_STRICT_OBJC_MSGSEND = YES;
				GCC_C_LANGUAGE_STANDARD = gnu11;
				GCC_NO_COMMON_BLOCKS = YES;
				GCC_WARN_64_TO_32_BIT_CONVERSION = YES;
				GCC_WARN_ABOUT_RETURN_TYPE = YES_ERROR;
				GCC_WARN_UNDECLARED_SELECTOR = YES;
				GCC_WARN_UNINITIALIZED_AUTOS = YES_AGGRESSIVE;
				GCC_WARN_UNUSED_FUNCTION = YES;
				GCC_WARN_UNUSED_VARIABLE = YES;
				IPHONEOS_DEPLOYMENT_TARGET = 13.0;
				MTL_ENABLE_DEBUG_INFO = NO;
				MTL_FAST_MATH = YES;
				SDKROOT = iphoneos;
				SWIFT_COMPILATION_MODE = wholemodule;
				SWIFT_OPTIMIZATION_LEVEL = "-O";
				VALIDATE_PRODUCT = YES;
			};
			name = Release;
		};
		FAFA0F86259DC3D60087C943 /* Debug */ = {
			isa = XCBuildConfiguration;
			baseConfigurationReference = 749448A915A6B99CD7785B66 /* Pods-RijksMuseum.debug.xcconfig */;
			buildSettings = {
				ASSETCATALOG_COMPILER_APPICON_NAME = AppIcon;
				ASSETCATALOG_COMPILER_GLOBAL_ACCENT_COLOR_NAME = AccentColor;
				CODE_SIGN_STYLE = Automatic;
				DEVELOPMENT_TEAM = SCN28MXYNN;
				INFOPLIST_FILE = RijksMuseum/Info.plist;
				LD_RUNPATH_SEARCH_PATHS = (
					"$(inherited)",
					"@executable_path/Frameworks",
				);
				PRODUCT_BUNDLE_IDENTIFIER = com.avorobjov.RijksMuseum;
				PRODUCT_NAME = "$(TARGET_NAME)";
				SWIFT_VERSION = 5.0;
				TARGETED_DEVICE_FAMILY = "1,2";
			};
			name = Debug;
		};
		FAFA0F87259DC3D60087C943 /* Release */ = {
			isa = XCBuildConfiguration;
			baseConfigurationReference = 3F8F7ACB6F9E24BE058344B2 /* Pods-RijksMuseum.release.xcconfig */;
			buildSettings = {
				ASSETCATALOG_COMPILER_APPICON_NAME = AppIcon;
				ASSETCATALOG_COMPILER_GLOBAL_ACCENT_COLOR_NAME = AccentColor;
				CODE_SIGN_STYLE = Automatic;
				DEVELOPMENT_TEAM = SCN28MXYNN;
				INFOPLIST_FILE = RijksMuseum/Info.plist;
				LD_RUNPATH_SEARCH_PATHS = (
					"$(inherited)",
					"@executable_path/Frameworks",
				);
				PRODUCT_BUNDLE_IDENTIFIER = com.avorobjov.RijksMuseum;
				PRODUCT_NAME = "$(TARGET_NAME)";
				SWIFT_VERSION = 5.0;
				TARGETED_DEVICE_FAMILY = "1,2";
			};
			name = Release;
		};
		FAFA0F89259DC3D60087C943 /* Debug */ = {
			isa = XCBuildConfiguration;
			baseConfigurationReference = ABDDFDA6C4F96D8C602679C8 /* Pods-RijksMuseumTests.debug.xcconfig */;
			buildSettings = {
				ALWAYS_EMBED_SWIFT_STANDARD_LIBRARIES = YES;
				BUNDLE_LOADER = "$(TEST_HOST)";
				CODE_SIGN_STYLE = Automatic;
				DEVELOPMENT_TEAM = SCN28MXYNN;
				INFOPLIST_FILE = RijksMuseumTests/Info.plist;
				IPHONEOS_DEPLOYMENT_TARGET = 14.3;
				LD_RUNPATH_SEARCH_PATHS = (
					"$(inherited)",
					"@executable_path/Frameworks",
					"@loader_path/Frameworks",
				);
				PRODUCT_BUNDLE_IDENTIFIER = com.avorobjov.RijksMuseumTests;
				PRODUCT_NAME = "$(TARGET_NAME)";
				SWIFT_VERSION = 5.0;
				TARGETED_DEVICE_FAMILY = "1,2";
				TEST_HOST = "$(BUILT_PRODUCTS_DIR)/RijksMuseum.app/RijksMuseum";
			};
			name = Debug;
		};
		FAFA0F8A259DC3D60087C943 /* Release */ = {
			isa = XCBuildConfiguration;
			baseConfigurationReference = E635BD8DAFF0C45585AFC48C /* Pods-RijksMuseumTests.release.xcconfig */;
			buildSettings = {
				ALWAYS_EMBED_SWIFT_STANDARD_LIBRARIES = YES;
				BUNDLE_LOADER = "$(TEST_HOST)";
				CODE_SIGN_STYLE = Automatic;
				DEVELOPMENT_TEAM = SCN28MXYNN;
				INFOPLIST_FILE = RijksMuseumTests/Info.plist;
				IPHONEOS_DEPLOYMENT_TARGET = 14.3;
				LD_RUNPATH_SEARCH_PATHS = (
					"$(inherited)",
					"@executable_path/Frameworks",
					"@loader_path/Frameworks",
				);
				PRODUCT_BUNDLE_IDENTIFIER = com.avorobjov.RijksMuseumTests;
				PRODUCT_NAME = "$(TARGET_NAME)";
				SWIFT_VERSION = 5.0;
				TARGETED_DEVICE_FAMILY = "1,2";
				TEST_HOST = "$(BUILT_PRODUCTS_DIR)/RijksMuseum.app/RijksMuseum";
			};
			name = Release;
		};
		FAFA0F8C259DC3D60087C943 /* Debug */ = {
			isa = XCBuildConfiguration;
			buildSettings = {
				ALWAYS_EMBED_SWIFT_STANDARD_LIBRARIES = YES;
				CODE_SIGN_STYLE = Automatic;
				DEVELOPMENT_TEAM = SCN28MXYNN;
				INFOPLIST_FILE = RijksMuseumUITests/Info.plist;
				LD_RUNPATH_SEARCH_PATHS = (
					"$(inherited)",
					"@executable_path/Frameworks",
					"@loader_path/Frameworks",
				);
				PRODUCT_BUNDLE_IDENTIFIER = com.avorobjov.RijksMuseumUITests;
				PRODUCT_NAME = "$(TARGET_NAME)";
				SWIFT_VERSION = 5.0;
				TARGETED_DEVICE_FAMILY = "1,2";
				TEST_TARGET_NAME = RijksMuseum;
			};
			name = Debug;
		};
		FAFA0F8D259DC3D60087C943 /* Release */ = {
			isa = XCBuildConfiguration;
			buildSettings = {
				ALWAYS_EMBED_SWIFT_STANDARD_LIBRARIES = YES;
				CODE_SIGN_STYLE = Automatic;
				DEVELOPMENT_TEAM = SCN28MXYNN;
				INFOPLIST_FILE = RijksMuseumUITests/Info.plist;
				LD_RUNPATH_SEARCH_PATHS = (
					"$(inherited)",
					"@executable_path/Frameworks",
					"@loader_path/Frameworks",
				);
				PRODUCT_BUNDLE_IDENTIFIER = com.avorobjov.RijksMuseumUITests;
				PRODUCT_NAME = "$(TARGET_NAME)";
				SWIFT_VERSION = 5.0;
				TARGETED_DEVICE_FAMILY = "1,2";
				TEST_TARGET_NAME = RijksMuseum;
			};
			name = Release;
		};
/* End XCBuildConfiguration section */

/* Begin XCConfigurationList section */
		FAFA0F56259DC3D20087C943 /* Build configuration list for PBXProject "RijksMuseum" */ = {
			isa = XCConfigurationList;
			buildConfigurations = (
				FAFA0F83259DC3D60087C943 /* Debug */,
				FAFA0F84259DC3D60087C943 /* Release */,
			);
			defaultConfigurationIsVisible = 0;
			defaultConfigurationName = Release;
		};
		FAFA0F85259DC3D60087C943 /* Build configuration list for PBXNativeTarget "RijksMuseum" */ = {
			isa = XCConfigurationList;
			buildConfigurations = (
				FAFA0F86259DC3D60087C943 /* Debug */,
				FAFA0F87259DC3D60087C943 /* Release */,
			);
			defaultConfigurationIsVisible = 0;
			defaultConfigurationName = Release;
		};
		FAFA0F88259DC3D60087C943 /* Build configuration list for PBXNativeTarget "RijksMuseumTests" */ = {
			isa = XCConfigurationList;
			buildConfigurations = (
				FAFA0F89259DC3D60087C943 /* Debug */,
				FAFA0F8A259DC3D60087C943 /* Release */,
			);
			defaultConfigurationIsVisible = 0;
			defaultConfigurationName = Release;
		};
		FAFA0F8B259DC3D60087C943 /* Build configuration list for PBXNativeTarget "RijksMuseumUITests" */ = {
			isa = XCConfigurationList;
			buildConfigurations = (
				FAFA0F8C259DC3D60087C943 /* Debug */,
				FAFA0F8D259DC3D60087C943 /* Release */,
			);
			defaultConfigurationIsVisible = 0;
			defaultConfigurationName = Release;
		};
/* End XCConfigurationList section */
	};
	rootObject = FAFA0F53259DC3D20087C943 /* Project object */;
}
