// !$*UTF8*$!
{
	archiveVersion = 1;
	classes = {
	};
	objectVersion = 51;
	objects = {

/* Begin PBXBuildFile section */
		BA2ED52AC2EB801CD16E35F0 /* Pods_RijksMuseum.framework in Frameworks */ = {isa = PBXBuildFile; fileRef = AEA7F37353D3610BA15084EB /* Pods_RijksMuseum.framework */; };
		E986C88606A387413717416F /* Pods_RijksMuseumTests.framework in Frameworks */ = {isa = PBXBuildFile; fileRef = 2D714C19F7DC8C88685EF1CA /* Pods_RijksMuseumTests.framework */; };
		FAFA0F5F259DC3D20087C943 /* AppDelegate.swift in Sources */ = {isa = PBXBuildFile; fileRef = FAFA0F5E259DC3D20087C943 /* AppDelegate.swift */; };
		FAFA0F63259DC3D20087C943 /* ViewController.swift in Sources */ = {isa = PBXBuildFile; fileRef = FAFA0F62259DC3D20087C943 /* ViewController.swift */; };
		FAFA0F68259DC3D50087C943 /* Assets.xcassets in Resources */ = {isa = PBXBuildFile; fileRef = FAFA0F67259DC3D50087C943 /* Assets.xcassets */; };
		FAFA0F6B259DC3D50087C943 /* LaunchScreen.storyboard in Resources */ = {isa = PBXBuildFile; fileRef = FAFA0F69259DC3D50087C943 /* LaunchScreen.storyboard */; };
		FAFA0F76259DC3D60087C943 /* RijksMuseumTests.swift in Sources */ = {isa = PBXBuildFile; fileRef = FAFA0F75259DC3D60087C943 /* RijksMuseumTests.swift */; };
		FAFA0F81259DC3D60087C943 /* RijksMuseumUITests.swift in Sources */ = {isa = PBXBuildFile; fileRef = FAFA0F80259DC3D60087C943 /* RijksMuseumUITests.swift */; };
		FAFA0FC2259DE9BB0087C943 /* ArtObject.swift in Sources */ = {isa = PBXBuildFile; fileRef = FAFA0FC1259DE9BB0087C943 /* ArtObject.swift */; };
		FAFA0FC7259DE9C80087C943 /* ArtObjectDetails.swift in Sources */ = {isa = PBXBuildFile; fileRef = FAFA0FC6259DE9C80087C943 /* ArtObjectDetails.swift */; };
		FAFA0FCC259DE9D80087C943 /* ArtObjectJSON.swift in Sources */ = {isa = PBXBuildFile; fileRef = FAFA0FCB259DE9D80087C943 /* ArtObjectJSON.swift */; };
		FAFA0FD9259DEA210087C943 /* Session.swift in Sources */ = {isa = PBXBuildFile; fileRef = FAFA0FD8259DEA210087C943 /* Session.swift */; };
		FAFA0FDE259DEC460087C943 /* SessionRequest.swift in Sources */ = {isa = PBXBuildFile; fileRef = FAFA0FDD259DEC460087C943 /* SessionRequest.swift */; };
		FAFA0FEF259DFDD60087C943 /* Constants.swift in Sources */ = {isa = PBXBuildFile; fileRef = FAFA0FEE259DFDD60087C943 /* Constants.swift */; };
		FAFA0FF5259DFF070087C943 /* SessionError.swift in Sources */ = {isa = PBXBuildFile; fileRef = FAFA0FF4259DFF070087C943 /* SessionError.swift */; };
		FAFA0FFA259DFF7D0087C943 /* SessionErrorTests.swift in Sources */ = {isa = PBXBuildFile; fileRef = FAFA0FF9259DFF7D0087C943 /* SessionErrorTests.swift */; };
/* End PBXBuildFile section */

/* Begin PBXContainerItemProxy section */
		FAFA0F72259DC3D60087C943 /* PBXContainerItemProxy */ = {
			isa = PBXContainerItemProxy;
			containerPortal = FAFA0F53259DC3D20087C943 /* Project object */;
			proxyType = 1;
			remoteGlobalIDString = FAFA0F5A259DC3D20087C943;
			remoteInfo = RijksMuseum;
		};
		FAFA0F7D259DC3D60087C943 /* PBXContainerItemProxy */ = {
			isa = PBXContainerItemProxy;
			containerPortal = FAFA0F53259DC3D20087C943 /* Project object */;
			proxyType = 1;
			remoteGlobalIDString = FAFA0F5A259DC3D20087C943;
			remoteInfo = RijksMuseum;
		};
/* End PBXContainerItemProxy section */

/* Begin PBXFileReference section */
		2D714C19F7DC8C88685EF1CA /* Pods_RijksMuseumTests.framework */ = {isa = PBXFileReference; explicitFileType = wrapper.framework; includeInIndex = 0; path = Pods_RijksMuseumTests.framework; sourceTree = BUILT_PRODUCTS_DIR; };
		3F8F7ACB6F9E24BE058344B2 /* Pods-RijksMuseum.release.xcconfig */ = {isa = PBXFileReference; includeInIndex = 1; lastKnownFileType = text.xcconfig; name = "Pods-RijksMuseum.release.xcconfig"; path = "Target Support Files/Pods-RijksMuseum/Pods-RijksMuseum.release.xcconfig"; sourceTree = "<group>"; };
		749448A915A6B99CD7785B66 /* Pods-RijksMuseum.debug.xcconfig */ = {isa = PBXFileReference; includeInIndex = 1; lastKnownFileType = text.xcconfig; name = "Pods-RijksMuseum.debug.xcconfig"; path = "Target Support Files/Pods-RijksMuseum/Pods-RijksMuseum.debug.xcconfig"; sourceTree = "<group>"; };
		ABDDFDA6C4F96D8C602679C8 /* Pods-RijksMuseumTests.debug.xcconfig */ = {isa = PBXFileReference; includeInIndex = 1; lastKnownFileType = text.xcconfig; name = "Pods-RijksMuseumTests.debug.xcconfig"; path = "Target Support Files/Pods-RijksMuseumTests/Pods-RijksMuseumTests.debug.xcconfig"; sourceTree = "<group>"; };
		AEA7F37353D3610BA15084EB /* Pods_RijksMuseum.framework */ = {isa = PBXFileReference; explicitFileType = wrapper.framework; includeInIndex = 0; path = Pods_RijksMuseum.framework; sourceTree = BUILT_PRODUCTS_DIR; };
		E635BD8DAFF0C45585AFC48C /* Pods-RijksMuseumTests.release.xcconfig */ = {isa = PBXFileReference; includeInIndex = 1; lastKnownFileType = text.xcconfig; name = "Pods-RijksMuseumTests.release.xcconfig"; path = "Target Support Files/Pods-RijksMuseumTests/Pods-RijksMuseumTests.release.xcconfig"; sourceTree = "<group>"; };
		FAFA0F5B259DC3D20087C943 /* RijksMuseum.app */ = {isa = PBXFileReference; explicitFileType = wrapper.application; includeInIndex = 0; path = RijksMuseum.app; sourceTree = BUILT_PRODUCTS_DIR; };
		FAFA0F5E259DC3D20087C943 /* AppDelegate.swift */ = {isa = PBXFileReference; lastKnownFileType = sourcecode.swift; path = AppDelegate.swift; sourceTree = "<group>"; };
		FAFA0F62259DC3D20087C943 /* ViewController.swift */ = {isa = PBXFileReference; lastKnownFileType = sourcecode.swift; path = ViewController.swift; sourceTree = "<group>"; };
		FAFA0F67259DC3D50087C943 /* Assets.xcassets */ = {isa = PBXFileReference; lastKnownFileType = folder.assetcatalog; path = Assets.xcassets; sourceTree = "<group>"; };
		FAFA0F6A259DC3D50087C943 /* Base */ = {isa = PBXFileReference; lastKnownFileType = file.storyboard; name = Base; path = Base.lproj/LaunchScreen.storyboard; sourceTree = "<group>"; };
		FAFA0F6C259DC3D50087C943 /* Info.plist */ = {isa = PBXFileReference; lastKnownFileType = text.plist.xml; path = Info.plist; sourceTree = "<group>"; };
		FAFA0F71259DC3D60087C943 /* RijksMuseumTests.xctest */ = {isa = PBXFileReference; explicitFileType = wrapper.cfbundle; includeInIndex = 0; path = RijksMuseumTests.xctest; sourceTree = BUILT_PRODUCTS_DIR; };
		FAFA0F75259DC3D60087C943 /* RijksMuseumTests.swift */ = {isa = PBXFileReference; lastKnownFileType = sourcecode.swift; path = RijksMuseumTests.swift; sourceTree = "<group>"; };
		FAFA0F77259DC3D60087C943 /* Info.plist */ = {isa = PBXFileReference; lastKnownFileType = text.plist.xml; path = Info.plist; sourceTree = "<group>"; };
		FAFA0F7C259DC3D60087C943 /* RijksMuseumUITests.xctest */ = {isa = PBXFileReference; explicitFileType = wrapper.cfbundle; includeInIndex = 0; path = RijksMuseumUITests.xctest; sourceTree = BUILT_PRODUCTS_DIR; };
		FAFA0F80259DC3D60087C943 /* RijksMuseumUITests.swift */ = {isa = PBXFileReference; lastKnownFileType = sourcecode.swift; path = RijksMuseumUITests.swift; sourceTree = "<group>"; };
		FAFA0F82259DC3D60087C943 /* Info.plist */ = {isa = PBXFileReference; lastKnownFileType = text.plist.xml; path = Info.plist; sourceTree = "<group>"; };
		FAFA0FC1259DE9BB0087C943 /* ArtObject.swift */ = {isa = PBXFileReference; lastKnownFileType = sourcecode.swift; path = ArtObject.swift; sourceTree = "<group>"; };
		FAFA0FC6259DE9C80087C943 /* ArtObjectDetails.swift */ = {isa = PBXFileReference; lastKnownFileType = sourcecode.swift; path = ArtObjectDetails.swift; sourceTree = "<group>"; };
		FAFA0FCB259DE9D80087C943 /* ArtObjectJSON.swift */ = {isa = PBXFileReference; lastKnownFileType = sourcecode.swift; path = ArtObjectJSON.swift; sourceTree = "<group>"; };
		FAFA0FD8259DEA210087C943 /* Session.swift */ = {isa = PBXFileReference; lastKnownFileType = sourcecode.swift; path = Session.swift; sourceTree = "<group>"; };
		FAFA0FDD259DEC460087C943 /* SessionRequest.swift */ = {isa = PBXFileReference; lastKnownFileType = sourcecode.swift; path = SessionRequest.swift; sourceTree = "<group>"; };
		FAFA0FEE259DFDD60087C943 /* Constants.swift */ = {isa = PBXFileReference; lastKnownFileType = sourcecode.swift; path = Constants.swift; sourceTree = "<group>"; };
		FAFA0FF4259DFF070087C943 /* SessionError.swift */ = {isa = PBXFileReference; lastKnownFileType = sourcecode.swift; path = SessionError.swift; sourceTree = "<group>"; };
		FAFA0FF9259DFF7D0087C943 /* SessionErrorTests.swift */ = {isa = PBXFileReference; lastKnownFileType = sourcecode.swift; path = SessionErrorTests.swift; sourceTree = "<group>"; };
/* End PBXFileReference section */

/* Begin PBXFrameworksBuildPhase section */
		FAFA0F58259DC3D20087C943 /* Frameworks */ = {
			isa = PBXFrameworksBuildPhase;
			buildActionMask = 2147483647;
			files = (
				BA2ED52AC2EB801CD16E35F0 /* Pods_RijksMuseum.framework in Frameworks */,
			);
			runOnlyForDeploymentPostprocessing = 0;
		};
		FAFA0F6E259DC3D60087C943 /* Frameworks */ = {
			isa = PBXFrameworksBuildPhase;
			buildActionMask = 2147483647;
			files = (
				E986C88606A387413717416F /* Pods_RijksMuseumTests.framework in Frameworks */,
			);
			runOnlyForDeploymentPostprocessing = 0;
		};
		FAFA0F79259DC3D60087C943 /* Frameworks */ = {
			isa = PBXFrameworksBuildPhase;
			buildActionMask = 2147483647;
			files = (
			);
			runOnlyForDeploymentPostprocessing = 0;
		};
/* End PBXFrameworksBuildPhase section */

/* Begin PBXGroup section */
		7EC458C4FD918DB999D0FAE5 /* Frameworks */ = {
			isa = PBXGroup;
			children = (
				AEA7F37353D3610BA15084EB /* Pods_RijksMuseum.framework */,
				2D714C19F7DC8C88685EF1CA /* Pods_RijksMuseumTests.framework */,
			);
			name = Frameworks;
			sourceTree = "<group>";
		};
		AC45B04315C33F2D978A739E /* Pods */ = {
			isa = PBXGroup;
			children = (
				749448A915A6B99CD7785B66 /* Pods-RijksMuseum.debug.xcconfig */,
				3F8F7ACB6F9E24BE058344B2 /* Pods-RijksMuseum.release.xcconfig */,
				ABDDFDA6C4F96D8C602679C8 /* Pods-RijksMuseumTests.debug.xcconfig */,
				E635BD8DAFF0C45585AFC48C /* Pods-RijksMuseumTests.release.xcconfig */,
			);
			path = Pods;
			sourceTree = "<group>";
		};
		FAFA0F52259DC3D20087C943 = {
			isa = PBXGroup;
			children = (
				FAFA0F5D259DC3D20087C943 /* RijksMuseum */,
				FAFA0F74259DC3D60087C943 /* RijksMuseumTests */,
				FAFA0F7F259DC3D60087C943 /* RijksMuseumUITests */,
				FAFA0F5C259DC3D20087C943 /* Products */,
				AC45B04315C33F2D978A739E /* Pods */,
				7EC458C4FD918DB999D0FAE5 /* Frameworks */,
			);
			sourceTree = "<group>";
		};
		FAFA0F5C259DC3D20087C943 /* Products */ = {
			isa = PBXGroup;
			children = (
				FAFA0F5B259DC3D20087C943 /* RijksMuseum.app */,
				FAFA0F71259DC3D60087C943 /* RijksMuseumTests.xctest */,
				FAFA0F7C259DC3D60087C943 /* RijksMuseumUITests.xctest */,
			);
			name = Products;
			sourceTree = "<group>";
		};
		FAFA0F5D259DC3D20087C943 /* RijksMuseum */ = {
			isa = PBXGroup;
			children = (
				FAFA0FF3259DFEE50087C943 /* Support Files */,
				FAFA0FBF259DE9A00087C943 /* Entities */,
				FAFA0FBE259DE9A00087C943 /* Database */,
				FAFA0FC0259DE9A00087C943 /* Network */,
				FAFA0FEE259DFDD60087C943 /* Constants.swift */,
				FAFA0F62259DC3D20087C943 /* ViewController.swift */,
				FAFA0F67259DC3D50087C943 /* Assets.xcassets */,
			);
			path = RijksMuseum;
			sourceTree = "<group>";
		};
		FAFA0F74259DC3D60087C943 /* RijksMuseumTests */ = {
			isa = PBXGroup;
			children = (
				FAFA0FF9259DFF7D0087C943 /* SessionErrorTests.swift */,
				FAFA0F75259DC3D60087C943 /* RijksMuseumTests.swift */,
				FAFA0F77259DC3D60087C943 /* Info.plist */,
			);
			path = RijksMuseumTests;
			sourceTree = "<group>";
		};
		FAFA0F7F259DC3D60087C943 /* RijksMuseumUITests */ = {
			isa = PBXGroup;
			children = (
				FAFA0F80259DC3D60087C943 /* RijksMuseumUITests.swift */,
				FAFA0F82259DC3D60087C943 /* Info.plist */,
			);
			path = RijksMuseumUITests;
			sourceTree = "<group>";
		};
		FAFA0FBE259DE9A00087C943 /* Database */ = {
			isa = PBXGroup;
			children = (
			);
			path = Database;
			sourceTree = "<group>";
		};
		FAFA0FBF259DE9A00087C943 /* Entities */ = {
			isa = PBXGroup;
			children = (
				FAFA0FC1259DE9BB0087C943 /* ArtObject.swift */,
				FAFA0FC6259DE9C80087C943 /* ArtObjectDetails.swift */,
			);
			path = Entities;
			sourceTree = "<group>";
		};
		FAFA0FC0259DE9A00087C943 /* Network */ = {
			isa = PBXGroup;
			children = (
				FAFA0FCB259DE9D80087C943 /* ArtObjectJSON.swift */,
				FAFA0FD8259DEA210087C943 /* Session.swift */,
				FAFA0FF4259DFF070087C943 /* SessionError.swift */,
				FAFA0FDD259DEC460087C943 /* SessionRequest.swift */,
			);
			path = Network;
			sourceTree = "<group>";
		};
		FAFA0FF3259DFEE50087C943 /* Support Files */ = {
			isa = PBXGroup;
			children = (
				FAFA0F5E259DC3D20087C943 /* AppDelegate.swift */,
				FAFA0F69259DC3D50087C943 /* LaunchScreen.storyboard */,
				FAFA0F6C259DC3D50087C943 /* Info.plist */,
			);
			name = "Support Files";
			sourceTree = "<group>";
		};
/* End PBXGroup section */

/* Begin PBXNativeTarget section */
		FAFA0F5A259DC3D20087C943 /* RijksMuseum */ = {
			isa = PBXNativeTarget;
			buildConfigurationList = FAFA0F85259DC3D60087C943 /* Build configuration list for PBXNativeTarget "RijksMuseum" */;
			buildPhases = (
				83DAC93A1493E69A0E1549D4 /* [CP] Check Pods Manifest.lock */,
				FAFA0F57259DC3D20087C943 /* Sources */,
				FAFA0F58259DC3D20087C943 /* Frameworks */,
				FAFA0F59259DC3D20087C943 /* Resources */,
				FAFA0FBA259DC7360087C943 /* Run swiftlint */,
				AB409C704CF5F7EB3248FAD3 /* [CP] Embed Pods Frameworks */,
			);
			buildRules = (
			);
			dependencies = (
			);
			name = RijksMuseum;
			productName = RijksMuseum;
			productReference = FAFA0F5B259DC3D20087C943 /* RijksMuseum.app */;
			productType = "com.apple.product-type.application";
		};
		FAFA0F70259DC3D60087C943 /* RijksMuseumTests */ = {
			isa = PBXNativeTarget;
			buildConfigurationList = FAFA0F88259DC3D60087C943 /* Build configuration list for PBXNativeTarget "RijksMuseumTests" */;
			buildPhases = (
				533A692A50DF8B3AE3F91D62 /* [CP] Check Pods Manifest.lock */,
				FAFA0F6D259DC3D60087C943 /* Sources */,
				FAFA0F6E259DC3D60087C943 /* Frameworks */,
				FAFA0F6F259DC3D60087C943 /* Resources */,
				8D203915D4D64190F3645D58 /* [CP] Embed Pods Frameworks */,
			);
			buildRules = (
			);
			dependencies = (
				FAFA0F73259DC3D60087C943 /* PBXTargetDependency */,
			);
			name = RijksMuseumTests;
			productName = RijksMuseumTests;
			productReference = FAFA0F71259DC3D60087C943 /* RijksMuseumTests.xctest */;
			productType = "com.apple.product-type.bundle.unit-test";
		};
		FAFA0F7B259DC3D60087C943 /* RijksMuseumUITests */ = {
			isa = PBXNativeTarget;
			buildConfigurationList = FAFA0F8B259DC3D60087C943 /* Build configuration list for PBXNativeTarget "RijksMuseumUITests" */;
			buildPhases = (
				FAFA0F78259DC3D60087C943 /* Sources */,
				FAFA0F79259DC3D60087C943 /* Frameworks */,
				FAFA0F7A259DC3D60087C943 /* Resources */,
			);
			buildRules = (
			);
			dependencies = (
				FAFA0F7E259DC3D60087C943 /* PBXTargetDependency */,
			);
			name = RijksMuseumUITests;
			productName = RijksMuseumUITests;
			productReference = FAFA0F7C259DC3D60087C943 /* RijksMuseumUITests.xctest */;
			productType = "com.apple.product-type.bundle.ui-testing";
		};
/* End PBXNativeTarget section */

/* Begin PBXProject section */
		FAFA0F53259DC3D20087C943 /* Project object */ = {
			isa = PBXProject;
			attributes = {
				LastSwiftUpdateCheck = 1230;
				LastUpgradeCheck = 1230;
				TargetAttributes = {
					FAFA0F5A259DC3D20087C943 = {
						CreatedOnToolsVersion = 12.3;
					};
					FAFA0F70259DC3D60087C943 = {
						CreatedOnToolsVersion = 12.3;
						TestTargetID = FAFA0F5A259DC3D20087C943;
					};
					FAFA0F7B259DC3D60087C943 = {
						CreatedOnToolsVersion = 12.3;
						TestTargetID = FAFA0F5A259DC3D20087C943;
					};
				};
			};
			buildConfigurationList = FAFA0F56259DC3D20087C943 /* Build configuration list for PBXProject "RijksMuseum" */;
			compatibilityVersion = "Xcode 9.3";
			developmentRegion = en;
			hasScannedForEncodings = 0;
			knownRegions = (
				en,
				Base,
			);
			mainGroup = FAFA0F52259DC3D20087C943;
			productRefGroup = FAFA0F5C259DC3D20087C943 /* Products */;
			projectDirPath = "";
			projectRoot = "";
			targets = (
				FAFA0F5A259DC3D20087C943 /* RijksMuseum */,
				FAFA0F70259DC3D60087C943 /* RijksMuseumTests */,
				FAFA0F7B259DC3D60087C943 /* RijksMuseumUITests */,
			);
		};
/* End PBXProject section */

/* Begin PBXResourcesBuildPhase section */
		FAFA0F59259DC3D20087C943 /* Resources */ = {
			isa = PBXResourcesBuildPhase;
			buildActionMask = 2147483647;
			files = (
				FAFA0F6B259DC3D50087C943 /* LaunchScreen.storyboard in Resources */,
				FAFA0F68259DC3D50087C943 /* Assets.xcassets in Resources */,
			);
			runOnlyForDeploymentPostprocessing = 0;
		};
		FAFA0F6F259DC3D60087C943 /* Resources */ = {
			isa = PBXResourcesBuildPhase;
			buildActionMask = 2147483647;
			files = (
			);
			runOnlyForDeploymentPostprocessing = 0;
		};
		FAFA0F7A259DC3D60087C943 /* Resources */ = {
			isa = PBXResourcesBuildPhase;
			buildActionMask = 2147483647;
			files = (
			);
			runOnlyForDeploymentPostprocessing = 0;
		};
/* End PBXResourcesBuildPhase section */

/* Begin PBXShellScriptBuildPhase section */
		533A692A50DF8B3AE3F91D62 /* [CP] Check Pods Manifest.lock */ = {
			isa = PBXShellScriptBuildPhase;
			buildActionMask = 2147483647;
			files = (
			);
			inputFileListPaths = (
			);
			inputPaths = (
				"${PODS_PODFILE_DIR_PATH}/Podfile.lock",
				"${PODS_ROOT}/Manifest.lock",
			);
			name = "[CP] Check Pods Manifest.lock";
			outputFileListPaths = (
			);
			outputPaths = (
				"$(DERIVED_FILE_DIR)/Pods-RijksMuseumTests-checkManifestLockResult.txt",
			);
			runOnlyForDeploymentPostprocessing = 0;
			shellPath = /bin/sh;
			shellScript = "diff \"${PODS_PODFILE_DIR_PATH}/Podfile.lock\" \"${PODS_ROOT}/Manifest.lock\" > /dev/null\nif [ $? != 0 ] ; then\n    # print error to STDERR\n    echo \"error: The sandbox is not in sync with the Podfile.lock. Run 'pod install' or update your CocoaPods installation.\" >&2\n    exit 1\nfi\n# This output is used by Xcode 'outputs' to avoid re-running this script phase.\necho \"SUCCESS\" > \"${SCRIPT_OUTPUT_FILE_0}\"\n";
			showEnvVarsInLog = 0;
		};
		83DAC93A1493E69A0E1549D4 /* [CP] Check Pods Manifest.lock */ = {
			isa = PBXShellScriptBuildPhase;
			buildActionMask = 2147483647;
			files = (
			);
			inputFileListPaths = (
			);
			inputPaths = (
				"${PODS_PODFILE_DIR_PATH}/Podfile.lock",
				"${PODS_ROOT}/Manifest.lock",
			);
			name = "[CP] Check Pods Manifest.lock";
			outputFileListPaths = (
			);
			outputPaths = (
				"$(DERIVED_FILE_DIR)/Pods-RijksMuseum-checkManifestLockResult.txt",
			);
			runOnlyForDeploymentPostprocessing = 0;
			shellPath = /bin/sh;
			shellScript = "diff \"${PODS_PODFILE_DIR_PATH}/Podfile.lock\" \"${PODS_ROOT}/Manifest.lock\" > /dev/null\nif [ $? != 0 ] ; then\n    # print error to STDERR\n    echo \"error: The sandbox is not in sync with the Podfile.lock. Run 'pod install' or update your CocoaPods installation.\" >&2\n    exit 1\nfi\n# This output is used by Xcode 'outputs' to avoid re-running this script phase.\necho \"SUCCESS\" > \"${SCRIPT_OUTPUT_FILE_0}\"\n";
			showEnvVarsInLog = 0;
		};
		8D203915D4D64190F3645D58 /* [CP] Embed Pods Frameworks */ = {
			isa = PBXShellScriptBuildPhase;
			buildActionMask = 2147483647;
			files = (
			);
			inputFileListPaths = (
				"${PODS_ROOT}/Target Support Files/Pods-RijksMuseumTests/Pods-RijksMuseumTests-frameworks-${CONFIGURATION}-input-files.xcfilelist",
			);
			name = "[CP] Embed Pods Frameworks";
			outputFileListPaths = (
				"${PODS_ROOT}/Target Support Files/Pods-RijksMuseumTests/Pods-RijksMuseumTests-frameworks-${CONFIGURATION}-output-files.xcfilelist",
			);
			runOnlyForDeploymentPostprocessing = 0;
			shellPath = /bin/sh;
			shellScript = "\"${PODS_ROOT}/Target Support Files/Pods-RijksMuseumTests/Pods-RijksMuseumTests-frameworks.sh\"\n";
			showEnvVarsInLog = 0;
		};
		AB409C704CF5F7EB3248FAD3 /* [CP] Embed Pods Frameworks */ = {
			isa = PBXShellScriptBuildPhase;
			buildActionMask = 2147483647;
			files = (
			);
			inputFileListPaths = (
				"${PODS_ROOT}/Target Support Files/Pods-RijksMuseum/Pods-RijksMuseum-frameworks-${CONFIGURATION}-input-files.xcfilelist",
			);
			name = "[CP] Embed Pods Frameworks";
			outputFileListPaths = (
				"${PODS_ROOT}/Target Support Files/Pods-RijksMuseum/Pods-RijksMuseum-frameworks-${CONFIGURATION}-output-files.xcfilelist",
			);
			runOnlyForDeploymentPostprocessing = 0;
			shellPath = /bin/sh;
			shellScript = "\"${PODS_ROOT}/Target Support Files/Pods-RijksMuseum/Pods-RijksMuseum-frameworks.sh\"\n";
			showEnvVarsInLog = 0;
		};
		FAFA0FBA259DC7360087C943 /* Run swiftlint */ = {
			isa = PBXShellScriptBuildPhase;
			buildActionMask = 2147483647;
			files = (
			);
			inputFileListPaths = (
			);
			inputPaths = (
			);
			name = "Run swiftlint";
			outputFileListPaths = (
			);
			outputPaths = (
			);
			runOnlyForDeploymentPostprocessing = 0;
			shellPath = /bin/sh;
			shellScript = "if which swiftlint >/dev/null; then\n    swiftlint --lenient\nelse\necho \"warning: SwiftLint not installed, download from https://github.com/realm/SwiftLint\"\nfi\n";
		};
/* End PBXShellScriptBuildPhase section */

/* Begin PBXSourcesBuildPhase section */
		FAFA0F57259DC3D20087C943 /* Sources */ = {
			isa = PBXSourcesBuildPhase;
			buildActionMask = 2147483647;
			files = (
				FAFA0F63259DC3D20087C943 /* ViewController.swift in Sources */,
				FAFA0FDE259DEC460087C943 /* SessionRequest.swift in Sources */,
				FAFA0FC7259DE9C80087C943 /* ArtObjectDetails.swift in Sources */,
				FAFA0FD9259DEA210087C943 /* Session.swift in Sources */,
				FAFA0FC2259DE9BB0087C943 /* ArtObject.swift in Sources */,
				FAFA0FF5259DFF070087C943 /* SessionError.swift in Sources */,
				FAFA0F5F259DC3D20087C943 /* AppDelegate.swift in Sources */,
				FAFA0FCC259DE9D80087C943 /* ArtObjectJSON.swift in Sources */,
				FAFA0FEF259DFDD60087C943 /* Constants.swift in Sources */,
			);
			runOnlyForDeploymentPostprocessing = 0;
		};
		FAFA0F6D259DC3D60087C943 /* Sources */ = {
			isa = PBXSourcesBuildPhase;
			buildActionMask = 2147483647;
			files = (
				FAFA0F76259DC3D60087C943 /* RijksMuseumTests.swift in Sources */,
				FAFA0FFA259DFF7D0087C943 /* SessionErrorTests.swift in Sources */,
			);
			runOnlyForDeploymentPostprocessing = 0;
		};
		FAFA0F78259DC3D60087C943 /* Sources */ = {
			isa = PBXSourcesBuildPhase;
			buildActionMask = 2147483647;
			files = (
				FAFA0F81259DC3D60087C943 /* RijksMuseumUITests.swift in Sources */,
			);
			runOnlyForDeploymentPostprocessing = 0;
		};
/* End PBXSourcesBuildPhase section */

/* Begin PBXTargetDependency section */
		FAFA0F73259DC3D60087C943 /* PBXTargetDependency */ = {
			isa = PBXTargetDependency;
			target = FAFA0F5A259DC3D20087C943 /* RijksMuseum */;
			targetProxy = FAFA0F72259DC3D60087C943 /* PBXContainerItemProxy */;
		};
		FAFA0F7E259DC3D60087C943 /* PBXTargetDependency */ = {
			isa = PBXTargetDependency;
			target = FAFA0F5A259DC3D20087C943 /* RijksMuseum */;
			targetProxy = FAFA0F7D259DC3D60087C943 /* PBXContainerItemProxy */;
		};
/* End PBXTargetDependency section */

/* Begin PBXVariantGroup section */
		FAFA0F69259DC3D50087C943 /* LaunchScreen.storyboard */ = {
			isa = PBXVariantGroup;
			children = (
				FAFA0F6A259DC3D50087C943 /* Base */,
			);
			name = LaunchScreen.storyboard;
			sourceTree = "<group>";
		};
/* End PBXVariantGroup section */

/* Begin XCBuildConfiguration section */
		FAFA0F83259DC3D60087C943 /* Debug */ = {
			isa = XCBuildConfiguration;
			buildSettings = {
				ALWAYS_SEARCH_USER_PATHS = NO;
				CLANG_ANALYZER_NONNULL = YES;
				CLANG_ANALYZER_NUMBER_OBJECT_CONVERSION = YES_AGGRESSIVE;
				CLANG_CXX_LANGUAGE_STANDARD = "gnu++14";
				CLANG_CXX_LIBRARY = "libc++";
				CLANG_ENABLE_MODULES = YES;
				CLANG_ENABLE_OBJC_ARC = YES;
				CLANG_ENABLE_OBJC_WEAK = YES;
				CLANG_WARN_BLOCK_CAPTURE_AUTORELEASING = YES;
				CLANG_WARN_BOOL_CONVERSION = YES;
				CLANG_WARN_COMMA = YES;
				CLANG_WARN_CONSTANT_CONVERSION = YES;
				CLANG_WARN_DEPRECATED_OBJC_IMPLEMENTATIONS = YES;
				CLANG_WARN_DIRECT_OBJC_ISA_USAGE = YES_ERROR;
				CLANG_WARN_DOCUMENTATION_COMMENTS = YES;
				CLANG_WARN_EMPTY_BODY = YES;
				CLANG_WARN_ENUM_CONVERSION = YES;
				CLANG_WARN_INFINITE_RECURSION = YES;
				CLANG_WARN_INT_CONVERSION = YES;
				CLANG_WARN_NON_LITERAL_NULL_CONVERSION = YES;
				CLANG_WARN_OBJC_IMPLICIT_RETAIN_SELF = YES;
				CLANG_WARN_OBJC_LITERAL_CONVERSION = YES;
				CLANG_WARN_OBJC_ROOT_CLASS = YES_ERROR;
				CLANG_WARN_QUOTED_INCLUDE_IN_FRAMEWORK_HEADER = YES;
				CLANG_WARN_RANGE_LOOP_ANALYSIS = YES;
				CLANG_WARN_STRICT_PROTOTYPES = YES;
				CLANG_WARN_SUSPICIOUS_MOVE = YES;
				CLANG_WARN_UNGUARDED_AVAILABILITY = YES_AGGRESSIVE;
				CLANG_WARN_UNREACHABLE_CODE = YES;
				CLANG_WARN__DUPLICATE_METHOD_MATCH = YES;
				COPY_PHASE_STRIP = NO;
				DEBUG_INFORMATION_FORMAT = dwarf;
				ENABLE_STRICT_OBJC_MSGSEND = YES;
				ENABLE_TESTABILITY = YES;
				GCC_C_LANGUAGE_STANDARD = gnu11;
				GCC_DYNAMIC_NO_PIC = NO;
				GCC_NO_COMMON_BLOCKS = YES;
				GCC_OPTIMIZATION_LEVEL = 0;
				GCC_PREPROCESSOR_DEFINITIONS = (
					"DEBUG=1",
					"$(inherited)",
				);
				GCC_WARN_64_TO_32_BIT_CONVERSION = YES;
				GCC_WARN_ABOUT_RETURN_TYPE = YES_ERROR;
				GCC_WARN_UNDECLARED_SELECTOR = YES;
				GCC_WARN_UNINITIALIZED_AUTOS = YES_AGGRESSIVE;
				GCC_WARN_UNUSED_FUNCTION = YES;
				GCC_WARN_UNUSED_VARIABLE = YES;
				IPHONEOS_DEPLOYMENT_TARGET = 13.0;
				MTL_ENABLE_DEBUG_INFO = INCLUDE_SOURCE;
				MTL_FAST_MATH = YES;
				ONLY_ACTIVE_ARCH = YES;
				SDKROOT = iphoneos;
				SWIFT_ACTIVE_COMPILATION_CONDITIONS = DEBUG;
				SWIFT_OPTIMIZATION_LEVEL = "-Onone";
			};
			name = Debug;
		};
		FAFA0F84259DC3D60087C943 /* Release */ = {
			isa = XCBuildConfiguration;
			buildSettings = {
				ALWAYS_SEARCH_USER_PATHS = NO;
				CLANG_ANALYZER_NONNULL = YES;
				CLANG_ANALYZER_NUMBER_OBJECT_CONVERSION = YES_AGGRESSIVE;
				CLANG_CXX_LANGUAGE_STANDARD = "gnu++14";
				CLANG_CXX_LIBRARY = "libc++";
				CLANG_ENABLE_MODULES = YES;
				CLANG_ENABLE_OBJC_ARC = YES;
				CLANG_ENABLE_OBJC_WEAK = YES;
				CLANG_WARN_BLOCK_CAPTURE_AUTORELEASING = YES;
				CLANG_WARN_BOOL_CONVERSION = YES;
				CLANG_WARN_COMMA = YES;
				CLANG_WARN_CONSTANT_CONVERSION = YES;
				CLANG_WARN_DEPRECATED_OBJC_IMPLEMENTATIONS = YES;
				CLANG_WARN_DIRECT_OBJC_ISA_USAGE = YES_ERROR;
				CLANG_WARN_DOCUMENTATION_COMMENTS = YES;
				CLANG_WARN_EMPTY_BODY = YES;
				CLANG_WARN_ENUM_CONVERSION = YES;
				CLANG_WARN_INFINITE_RECURSION = YES;
				CLANG_WARN_INT_CONVERSION = YES;
				CLANG_WARN_NON_LITERAL_NULL_CONVERSION = YES;
				CLANG_WARN_OBJC_IMPLICIT_RETAIN_SELF = YES;
				CLANG_WARN_OBJC_LITERAL_CONVERSION = YES;
				CLANG_WARN_OBJC_ROOT_CLASS = YES_ERROR;
				CLANG_WARN_QUOTED_INCLUDE_IN_FRAMEWORK_HEADER = YES;
				CLANG_WARN_RANGE_LOOP_ANALYSIS = YES;
				CLANG_WARN_STRICT_PROTOTYPES = YES;
				CLANG_WARN_SUSPICIOUS_MOVE = YES;
				CLANG_WARN_UNGUARDED_AVAILABILITY = YES_AGGRESSIVE;
				CLANG_WARN_UNREACHABLE_CODE = YES;
				CLANG_WARN__DUPLICATE_METHOD_MATCH = YES;
				COPY_PHASE_STRIP = NO;
				DEBUG_INFORMATION_FORMAT = "dwarf-with-dsym";
				ENABLE_NS_ASSERTIONS = NO;
				ENABLE_STRICT_OBJC_MSGSEND = YES;
				GCC_C_LANGUAGE_STANDARD = gnu11;
				GCC_NO_COMMON_BLOCKS = YES;
				GCC_WARN_64_TO_32_BIT_CONVERSION = YES;
				GCC_WARN_ABOUT_RETURN_TYPE = YES_ERROR;
				GCC_WARN_UNDECLARED_SELECTOR = YES;
				GCC_WARN_UNINITIALIZED_AUTOS = YES_AGGRESSIVE;
				GCC_WARN_UNUSED_FUNCTION = YES;
				GCC_WARN_UNUSED_VARIABLE = YES;
				IPHONEOS_DEPLOYMENT_TARGET = 13.0;
				MTL_ENABLE_DEBUG_INFO = NO;
				MTL_FAST_MATH = YES;
				SDKROOT = iphoneos;
				SWIFT_COMPILATION_MODE = wholemodule;
				SWIFT_OPTIMIZATION_LEVEL = "-O";
				VALIDATE_PRODUCT = YES;
			};
			name = Release;
		};
		FAFA0F86259DC3D60087C943 /* Debug */ = {
			isa = XCBuildConfiguration;
			baseConfigurationReference = 749448A915A6B99CD7785B66 /* Pods-RijksMuseum.debug.xcconfig */;
			buildSettings = {
				ASSETCATALOG_COMPILER_APPICON_NAME = AppIcon;
				ASSETCATALOG_COMPILER_GLOBAL_ACCENT_COLOR_NAME = AccentColor;
				CODE_SIGN_STYLE = Automatic;
				DEVELOPMENT_TEAM = SCN28MXYNN;
				INFOPLIST_FILE = RijksMuseum/Info.plist;
				LD_RUNPATH_SEARCH_PATHS = (
					"$(inherited)",
					"@executable_path/Frameworks",
				);
				PRODUCT_BUNDLE_IDENTIFIER = com.avorobjov.RijksMuseum;
				PRODUCT_NAME = "$(TARGET_NAME)";
				SWIFT_VERSION = 5.0;
				TARGETED_DEVICE_FAMILY = "1,2";
			};
			name = Debug;
		};
		FAFA0F87259DC3D60087C943 /* Release */ = {
			isa = XCBuildConfiguration;
			baseConfigurationReference = 3F8F7ACB6F9E24BE058344B2 /* Pods-RijksMuseum.release.xcconfig */;
			buildSettings = {
				ASSETCATALOG_COMPILER_APPICON_NAME = AppIcon;
				ASSETCATALOG_COMPILER_GLOBAL_ACCENT_COLOR_NAME = AccentColor;
				CODE_SIGN_STYLE = Automatic;
				DEVELOPMENT_TEAM = SCN28MXYNN;
				INFOPLIST_FILE = RijksMuseum/Info.plist;
				LD_RUNPATH_SEARCH_PATHS = (
					"$(inherited)",
					"@executable_path/Frameworks",
				);
				PRODUCT_BUNDLE_IDENTIFIER = com.avorobjov.RijksMuseum;
				PRODUCT_NAME = "$(TARGET_NAME)";
				SWIFT_VERSION = 5.0;
				TARGETED_DEVICE_FAMILY = "1,2";
			};
			name = Release;
		};
		FAFA0F89259DC3D60087C943 /* Debug */ = {
			isa = XCBuildConfiguration;
			baseConfigurationReference = ABDDFDA6C4F96D8C602679C8 /* Pods-RijksMuseumTests.debug.xcconfig */;
			buildSettings = {
				ALWAYS_EMBED_SWIFT_STANDARD_LIBRARIES = YES;
				BUNDLE_LOADER = "$(TEST_HOST)";
				CODE_SIGN_STYLE = Automatic;
				DEVELOPMENT_TEAM = SCN28MXYNN;
				INFOPLIST_FILE = RijksMuseumTests/Info.plist;
				IPHONEOS_DEPLOYMENT_TARGET = 14.3;
				LD_RUNPATH_SEARCH_PATHS = (
					"$(inherited)",
					"@executable_path/Frameworks",
					"@loader_path/Frameworks",
				);
				PRODUCT_BUNDLE_IDENTIFIER = com.avorobjov.RijksMuseumTests;
				PRODUCT_NAME = "$(TARGET_NAME)";
				SWIFT_VERSION = 5.0;
				TARGETED_DEVICE_FAMILY = "1,2";
				TEST_HOST = "$(BUILT_PRODUCTS_DIR)/RijksMuseum.app/RijksMuseum";
			};
			name = Debug;
		};
		FAFA0F8A259DC3D60087C943 /* Release */ = {
			isa = XCBuildConfiguration;
			baseConfigurationReference = E635BD8DAFF0C45585AFC48C /* Pods-RijksMuseumTests.release.xcconfig */;
			buildSettings = {
				ALWAYS_EMBED_SWIFT_STANDARD_LIBRARIES = YES;
				BUNDLE_LOADER = "$(TEST_HOST)";
				CODE_SIGN_STYLE = Automatic;
				DEVELOPMENT_TEAM = SCN28MXYNN;
				INFOPLIST_FILE = RijksMuseumTests/Info.plist;
				IPHONEOS_DEPLOYMENT_TARGET = 14.3;
				LD_RUNPATH_SEARCH_PATHS = (
					"$(inherited)",
					"@executable_path/Frameworks",
					"@loader_path/Frameworks",
				);
				PRODUCT_BUNDLE_IDENTIFIER = com.avorobjov.RijksMuseumTests;
				PRODUCT_NAME = "$(TARGET_NAME)";
				SWIFT_VERSION = 5.0;
				TARGETED_DEVICE_FAMILY = "1,2";
				TEST_HOST = "$(BUILT_PRODUCTS_DIR)/RijksMuseum.app/RijksMuseum";
			};
			name = Release;
		};
		FAFA0F8C259DC3D60087C943 /* Debug */ = {
			isa = XCBuildConfiguration;
			buildSettings = {
				ALWAYS_EMBED_SWIFT_STANDARD_LIBRARIES = YES;
				CODE_SIGN_STYLE = Automatic;
				DEVELOPMENT_TEAM = SCN28MXYNN;
				INFOPLIST_FILE = RijksMuseumUITests/Info.plist;
				LD_RUNPATH_SEARCH_PATHS = (
					"$(inherited)",
					"@executable_path/Frameworks",
					"@loader_path/Frameworks",
				);
				PRODUCT_BUNDLE_IDENTIFIER = com.avorobjov.RijksMuseumUITests;
				PRODUCT_NAME = "$(TARGET_NAME)";
				SWIFT_VERSION = 5.0;
				TARGETED_DEVICE_FAMILY = "1,2";
				TEST_TARGET_NAME = RijksMuseum;
			};
			name = Debug;
		};
		FAFA0F8D259DC3D60087C943 /* Release */ = {
			isa = XCBuildConfiguration;
			buildSettings = {
				ALWAYS_EMBED_SWIFT_STANDARD_LIBRARIES = YES;
				CODE_SIGN_STYLE = Automatic;
				DEVELOPMENT_TEAM = SCN28MXYNN;
				INFOPLIST_FILE = RijksMuseumUITests/Info.plist;
				LD_RUNPATH_SEARCH_PATHS = (
					"$(inherited)",
					"@executable_path/Frameworks",
					"@loader_path/Frameworks",
				);
				PRODUCT_BUNDLE_IDENTIFIER = com.avorobjov.RijksMuseumUITests;
				PRODUCT_NAME = "$(TARGET_NAME)";
				SWIFT_VERSION = 5.0;
				TARGETED_DEVICE_FAMILY = "1,2";
				TEST_TARGET_NAME = RijksMuseum;
			};
			name = Release;
		};
/* End XCBuildConfiguration section */

/* Begin XCConfigurationList section */
		FAFA0F56259DC3D20087C943 /* Build configuration list for PBXProject "RijksMuseum" */ = {
			isa = XCConfigurationList;
			buildConfigurations = (
				FAFA0F83259DC3D60087C943 /* Debug */,
				FAFA0F84259DC3D60087C943 /* Release */,
			);
			defaultConfigurationIsVisible = 0;
			defaultConfigurationName = Release;
		};
		FAFA0F85259DC3D60087C943 /* Build configuration list for PBXNativeTarget "RijksMuseum" */ = {
			isa = XCConfigurationList;
			buildConfigurations = (
				FAFA0F86259DC3D60087C943 /* Debug */,
				FAFA0F87259DC3D60087C943 /* Release */,
			);
			defaultConfigurationIsVisible = 0;
			defaultConfigurationName = Release;
		};
		FAFA0F88259DC3D60087C943 /* Build configuration list for PBXNativeTarget "RijksMuseumTests" */ = {
			isa = XCConfigurationList;
			buildConfigurations = (
				FAFA0F89259DC3D60087C943 /* Debug */,
				FAFA0F8A259DC3D60087C943 /* Release */,
			);
			defaultConfigurationIsVisible = 0;
			defaultConfigurationName = Release;
		};
		FAFA0F8B259DC3D60087C943 /* Build configuration list for PBXNativeTarget "RijksMuseumUITests" */ = {
			isa = XCConfigurationList;
			buildConfigurations = (
				FAFA0F8C259DC3D60087C943 /* Debug */,
				FAFA0F8D259DC3D60087C943 /* Release */,
			);
			defaultConfigurationIsVisible = 0;
			defaultConfigurationName = Release;
		};
/* End XCConfigurationList section */
	};
	rootObject = FAFA0F53259DC3D20087C943 /* Project object */;
}
